Microsoft Visual Studio Solution File, Format Version 9.00
# Visual Studio 2005
Project("{8BC9CEB8-8B4A-11D0-8D11-00A0C91BC942}") = "expat", "..\..\third_party_packages\expat\lib\expat.vcproj", "{1835626D-5B30-424F-8C75-22407E1CD602}"
EndProject
Project("{8BC9CEB8-8B4A-11D0-8D11-00A0C91BC942}") = "libjpeg", "..\..\third_party_packages\jpeg\win32\libjpeg.vcproj", "{F718B6FC-0251-4D45-9879-B40E6B55A0C4}"
EndProject
Project("{8BC9CEB8-8B4A-11D0-8D11-00A0C91BC942}") = "zlib", "..\..\third_party_packages\lpng128\projects\visualc71\zlib.vcproj", "{2C6E231A-E39B-4EA1-815F-CF1C26AA8FB0}"
EndProject
Project("{8BC9CEB8-8B4A-11D0-8D11-00A0C91BC942}") = "libpng", "..\..\third_party_packages\lpng128\projects\visualc71\libpng.vcproj", "{7FF7232A-8157-42E4-8845-3B895B930AFD}"
EndProject
Global
	GlobalSection(SolutionConfigurationPlatforms) = preSolution
		Debug|Win32 = Debug|Win32
		DLL ASM Debug|Win32 = DLL ASM Debug|Win32
		DLL ASM Release|Win32 = DLL ASM Release|Win32
		DLL Debug|Win32 = DLL Debug|Win32
		DLL Release|Win32 = DLL Release|Win32
		DLL VB|Win32 = DLL VB|Win32
		DllRelease|Win32 = DllRelease|Win32
		LIB ASM Debug|Win32 = LIB ASM Debug|Win32
		LIB ASM Release|Win32 = LIB ASM Release|Win32
		LIB Debug|Win32 = LIB Debug|Win32
		LIB Release|Win32 = LIB Release|Win32
		Release|Win32 = Release|Win32
	EndGlobalSection
	GlobalSection(ProjectConfigurationPlatforms) = postSolution
		{1835626D-5B30-424F-8C75-22407E1CD602}.Debug|Win32.ActiveCfg = Debug|Win32
		{1835626D-5B30-424F-8C75-22407E1CD602}.Debug|Win32.Build.0 = Debug|Win32
		{1835626D-5B30-424F-8C75-22407E1CD602}.DLL ASM Debug|Win32.ActiveCfg = Release|Win32
		{1835626D-5B30-424F-8C75-22407E1CD602}.DLL ASM Release|Win32.ActiveCfg = DllRelease|Win32
		{1835626D-5B30-424F-8C75-22407E1CD602}.DLL ASM Release|Win32.Build.0 = DllRelease|Win32
		{1835626D-5B30-424F-8C75-22407E1CD602}.DLL Debug|Win32.ActiveCfg = Debug|Win32
		{1835626D-5B30-424F-8C75-22407E1CD602}.DLL Release|Win32.ActiveCfg = Release|Win32
		{1835626D-5B30-424F-8C75-22407E1CD602}.DLL Release|Win32.Build.0 = Release|Win32
		{1835626D-5B30-424F-8C75-22407E1CD602}.DLL VB|Win32.ActiveCfg = Debug|Win32
		{1835626D-5B30-424F-8C75-22407E1CD602}.DLL VB|Win32.Build.0 = Debug|Win32
		{1835626D-5B30-424F-8C75-22407E1CD602}.DllRelease|Win32.ActiveCfg = DllRelease|Win32
		{1835626D-5B30-424F-8C75-22407E1CD602}.DllRelease|Win32.Build.0 = DllRelease|Win32
		{1835626D-5B30-424F-8C75-22407E1CD602}.LIB ASM Debug|Win32.ActiveCfg = Debug|Win32
		{1835626D-5B30-424F-8C75-22407E1CD602}.LIB ASM Debug|Win32.Build.0 = Debug|Win32
		{1835626D-5B30-424F-8C75-22407E1CD602}.LIB ASM Release|Win32.ActiveCfg = Release|Win32
		{1835626D-5B30-424F-8C75-22407E1CD602}.LIB ASM Release|Win32.Build.0 = Release|Win32
		{1835626D-5B30-424F-8C75-22407E1CD602}.LIB Debug|Win32.ActiveCfg = Debug|Win32
		{1835626D-5B30-424F-8C75-22407E1CD602}.LIB Debug|Win32.Build.0 = Debug|Win32
		{1835626D-5B30-424F-8C75-22407E1CD602}.LIB Release|Win32.ActiveCfg = Release|Win32
		{1835626D-5B30-424F-8C75-22407E1CD602}.LIB Release|Win32.Build.0 = Release|Win32
		{1835626D-5B30-424F-8C75-22407E1CD602}.Release|Win32.ActiveCfg = Release|Win32
		{1835626D-5B30-424F-8C75-22407E1CD602}.Release|Win32.Build.0 = Release|Win32
		{F718B6FC-0251-4D45-9879-B40E6B55A0C4}.Debug|Win32.ActiveCfg = Debug|Win32
		{F718B6FC-0251-4D45-9879-B40E6B55A0C4}.Debug|Win32.Build.0 = Debug|Win32
		{F718B6FC-0251-4D45-9879-B40E6B55A0C4}.DLL ASM Debug|Win32.ActiveCfg = Release|Win32
		{F718B6FC-0251-4D45-9879-B40E6B55A0C4}.DLL ASM Release|Win32.ActiveCfg = DllRelease|Win32
		{F718B6FC-0251-4D45-9879-B40E6B55A0C4}.DLL ASM Release|Win32.Build.0 = DllRelease|Win32
		{F718B6FC-0251-4D45-9879-B40E6B55A0C4}.DLL Debug|Win32.ActiveCfg = Debug|Win32
		{F718B6FC-0251-4D45-9879-B40E6B55A0C4}.DLL Release|Win32.ActiveCfg = Release|Win32
		{F718B6FC-0251-4D45-9879-B40E6B55A0C4}.DLL Release|Win32.Build.0 = Release|Win32
		{F718B6FC-0251-4D45-9879-B40E6B55A0C4}.DLL VB|Win32.ActiveCfg = Debug|Win32
		{F718B6FC-0251-4D45-9879-B40E6B55A0C4}.DLL VB|Win32.Build.0 = Debug|Win32
		{F718B6FC-0251-4D45-9879-B40E6B55A0C4}.DllRelease|Win32.ActiveCfg = DllRelease|Win32
		{F718B6FC-0251-4D45-9879-B40E6B55A0C4}.DllRelease|Win32.Build.0 = DllRelease|Win32
		{F718B6FC-0251-4D45-9879-B40E6B55A0C4}.LIB ASM Debug|Win32.ActiveCfg = Debug|Win32
		{F718B6FC-0251-4D45-9879-B40E6B55A0C4}.LIB ASM Debug|Win32.Build.0 = Debug|Win32
		{F718B6FC-0251-4D45-9879-B40E6B55A0C4}.LIB ASM Release|Win32.ActiveCfg = Release|Win32
		{F718B6FC-0251-4D45-9879-B40E6B55A0C4}.LIB ASM Release|Win32.Build.0 = Release|Win32
		{F718B6FC-0251-4D45-9879-B40E6B55A0C4}.LIB Debug|Win32.ActiveCfg = Debug|Win32
		{F718B6FC-0251-4D45-9879-B40E6B55A0C4}.LIB Debug|Win32.Build.0 = Debug|Win32
		{F718B6FC-0251-4D45-9879-B40E6B55A0C4}.LIB Release|Win32.ActiveCfg = Release|Win32
		{F718B6FC-0251-4D45-9879-B40E6B55A0C4}.LIB Release|Win32.Build.0 = Release|Win32
		{F718B6FC-0251-4D45-9879-B40E6B55A0C4}.Release|Win32.ActiveCfg = Release|Win32
		{F718B6FC-0251-4D45-9879-B40E6B55A0C4}.Release|Win32.Build.0 = Release|Win32
		{2C6E231A-E39B-4EA1-815F-CF1C26AA8FB0}.Debug|Win32.ActiveCfg = LIB Debug|Win32
		{2C6E231A-E39B-4EA1-815F-CF1C26AA8FB0}.Debug|Win32.Build.0 = LIB Debug|Win32
		{2C6E231A-E39B-4EA1-815F-CF1C26AA8FB0}.DLL ASM Debug|Win32.ActiveCfg = DLL Release|Win32
		{2C6E231A-E39B-4EA1-815F-CF1C26AA8FB0}.DLL ASM Debug|Win32.Build.0 = DLL Release|Win32
		{2C6E231A-E39B-4EA1-815F-CF1C26AA8FB0}.DLL ASM Release|Win32.ActiveCfg = DLL ASM Release|Win32
		{2C6E231A-E39B-4EA1-815F-CF1C26AA8FB0}.DLL ASM Release|Win32.Build.0 = DLL ASM Release|Win32
		{2C6E231A-E39B-4EA1-815F-CF1C26AA8FB0}.DLL Debug|Win32.ActiveCfg = DLL Debug|Win32
		{2C6E231A-E39B-4EA1-815F-CF1C26AA8FB0}.DLL Debug|Win32.Build.0 = DLL Debug|Win32
		{2C6E231A-E39B-4EA1-815F-CF1C26AA8FB0}.DLL Release|Win32.ActiveCfg = DLL ASM Release|Win32
		{2C6E231A-E39B-4EA1-815F-CF1C26AA8FB0}.DLL Release|Win32.Build.0 = DLL ASM Release|Win32
		{2C6E231A-E39B-4EA1-815F-CF1C26AA8FB0}.DLL VB|Win32.ActiveCfg = DLL ASM Debug|Win32
		{2C6E231A-E39B-4EA1-815F-CF1C26AA8FB0}.DLL VB|Win32.Build.0 = DLL ASM Debug|Win32
		{2C6E231A-E39B-4EA1-815F-CF1C26AA8FB0}.DllRelease|Win32.ActiveCfg = DLL ASM Debug|Win32
		{2C6E231A-E39B-4EA1-815F-CF1C26AA8FB0}.DllRelease|Win32.Build.0 = DLL ASM Debug|Win32
		{2C6E231A-E39B-4EA1-815F-CF1C26AA8FB0}.LIB ASM Debug|Win32.ActiveCfg = LIB ASM Debug|Win32
		{2C6E231A-E39B-4EA1-815F-CF1C26AA8FB0}.LIB ASM Debug|Win32.Build.0 = LIB ASM Debug|Win32
		{2C6E231A-E39B-4EA1-815F-CF1C26AA8FB0}.LIB ASM Release|Win32.ActiveCfg = LIB ASM Release|Win32
		{2C6E231A-E39B-4EA1-815F-CF1C26AA8FB0}.LIB ASM Release|Win32.Build.0 = LIB ASM Release|Win32
		{2C6E231A-E39B-4EA1-815F-CF1C26AA8FB0}.LIB Debug|Win32.ActiveCfg = LIB Debug|Win32
		{2C6E231A-E39B-4EA1-815F-CF1C26AA8FB0}.LIB Debug|Win32.Build.0 = LIB Debug|Win32
		{2C6E231A-E39B-4EA1-815F-CF1C26AA8FB0}.LIB Release|Win32.ActiveCfg = LIB Release|Win32
		{2C6E231A-E39B-4EA1-815F-CF1C26AA8FB0}.LIB Release|Win32.Build.0 = LIB Release|Win32
		{2C6E231A-E39B-4EA1-815F-CF1C26AA8FB0}.Release|Win32.ActiveCfg = LIB Release|Win32
		{2C6E231A-E39B-4EA1-815F-CF1C26AA8FB0}.Release|Win32.Build.0 = LIB Release|Win32
		{7FF7232A-8157-42E4-8845-3B895B930AFD}.Debug|Win32.ActiveCfg = LIB ASM Debug|Win32
		{7FF7232A-8157-42E4-8845-3B895B930AFD}.Debug|Win32.Build.0 = LIB ASM Debug|Win32
		{7FF7232A-8157-42E4-8845-3B895B930AFD}.DLL ASM Debug|Win32.ActiveCfg = DLL Release|Win32
		{7FF7232A-8157-42E4-8845-3B895B930AFD}.DLL ASM Debug|Win32.Build.0 = DLL Release|Win32
		{7FF7232A-8157-42E4-8845-3B895B930AFD}.DLL ASM Release|Win32.ActiveCfg = DLL ASM Release|Win32
		{7FF7232A-8157-42E4-8845-3B895B930AFD}.DLL ASM Release|Win32.Build.0 = DLL ASM Release|Win32
		{7FF7232A-8157-42E4-8845-3B895B930AFD}.DLL Debug|Win32.ActiveCfg = DLL Debug|Win32
		{7FF7232A-8157-42E4-8845-3B895B930AFD}.DLL Debug|Win32.Build.0 = DLL Debug|Win32
		{7FF7232A-8157-42E4-8845-3B895B930AFD}.DLL Release|Win32.ActiveCfg = DLL ASM Release|Win32
		{7FF7232A-8157-42E4-8845-3B895B930AFD}.DLL Release|Win32.Build.0 = DLL ASM Release|Win32
		{7FF7232A-8157-42E4-8845-3B895B930AFD}.DLL VB|Win32.ActiveCfg = DLL VB|Win32
		{7FF7232A-8157-42E4-8845-3B895B930AFD}.DLL VB|Win32.Build.0 = DLL VB|Win32
		{7FF7232A-8157-42E4-8845-3B895B930AFD}.DllRelease|Win32.ActiveCfg = DLL VB|Win32
		{7FF7232A-8157-42E4-8845-3B895B930AFD}.DllRelease|Win32.Build.0 = DLL VB|Win32
		{7FF7232A-8157-42E4-8845-3B895B930AFD}.LIB ASM Debug|Win32.ActiveCfg = LIB ASM Debug|Win32
		{7FF7232A-8157-42E4-8845-3B895B930AFD}.LIB ASM Debug|Win32.Build.0 = LIB ASM Debug|Win32
		{7FF7232A-8157-42E4-8845-3B895B930AFD}.LIB ASM Release|Win32.ActiveCfg = LIB ASM Release|Win32
		{7FF7232A-8157-42E4-8845-3B895B930AFD}.LIB ASM Release|Win32.Build.0 = LIB ASM Release|Win32
		{7FF7232A-8157-42E4-8845-3B895B930AFD}.LIB Debug|Win32.ActiveCfg = LIB Debug|Win32
		{7FF7232A-8157-42E4-8845-3B895B930AFD}.LIB Debug|Win32.Build.0 = LIB Debug|Win32
		{7FF7232A-8157-42E4-8845-3B895B930AFD}.LIB Release|Win32.ActiveCfg = LIB Release|Win32
		{7FF7232A-8157-42E4-8845-3B895B930AFD}.LIB Release|Win32.Build.0 = LIB Release|Win32
		{7FF7232A-8157-42E4-8845-3B895B930AFD}.Release|Win32.ActiveCfg = LIB ASM Release|Win32
		{7FF7232A-8157-42E4-8845-3B895B930AFD}.Release|Win32.Build.0 = LIB ASM Release|Win32
	EndGlobalSection
	GlobalSection(SolutionProperties) = preSolution
		HideSolutionNode = FALSE
	EndGlobalSection
EndGlobal
