Microsoft Visual Studio Solution File, Format Version 8.00
Project("{8BC9CEB8-8B4A-11D0-8D11-00A0C91BC942}") = "expat", "..\..\third_party_packages\expat\lib\expat.vcproj", "{1835626D-5B30-424F-8C75-22407E1CD602}"
	ProjectSection(ProjectDependencies) = postProject
	EndProjectSection
EndProject
Project("{8BC9CEB8-8B4A-11D0-8D11-00A0C91BC942}") = "libjpeg", "..\..\third_party_packages\jpeg\win32\libjpeg.vcproj", "{F718B6FC-0251-4D45-9879-B40E6B55A0C4}"
	ProjectSection(ProjectDependencies) = postProject
	EndProjectSection
EndProject
Project("{8BC9CEB8-8B4A-11D0-8D11-00A0C91BC942}") = "zlib", "..\..\third_party_packages\lpng128\projects\visualc71\zlib.vcproj", "{2C6E231A-E39B-4EA1-815F-CF1C26AA8FB0}"
	ProjectSection(ProjectDependencies) = postProject
	EndProjectSection
EndProject
Project("{8BC9CEB8-8B4A-11D0-8D11-00A0C91BC942}") = "libpng", "..\..\third_party_packages\lpng128\projects\visualc71\libpng.vcproj", "{7FF7232A-8157-42E4-8845-3B895B930AFD}"
	ProjectSection(ProjectDependencies) = postProject
	EndProjectSection
EndProject
Global
	GlobalSection(SolutionConfiguration) = preSolution
		DLL ASM Debug = DLL ASM Debug
		DLL ASM Release = DLL ASM Release
		DLL Debug = DLL Debug
		DLL Release = DLL Release
		DLL VB = DLL VB
		LIB ASM Debug = LIB ASM Debug
		LIB ASM Release = LIB ASM Release
		LIB Debug = LIB Debug
		LIB Release = LIB Release
		Release = Release
	EndGlobalSection
	GlobalSection(ProjectConfiguration) = postSolution
		{1835626D-5B30-424F-8C75-22407E1CD602}.DLL ASM Debug.ActiveCfg = Release|Win32
		{1835626D-5B30-424F-8C75-22407E1CD602}.DLL ASM Release.ActiveCfg = DllRelease|Win32
		{1835626D-5B30-424F-8C75-22407E1CD602}.DLL ASM Release.Build.0 = DllRelease|Win32
		{1835626D-5B30-424F-8C75-22407E1CD602}.DLL Debug.ActiveCfg = Debug|Win32
		{1835626D-5B30-424F-8C75-22407E1CD602}.DLL Release.ActiveCfg = Release|Win32
		{1835626D-5B30-424F-8C75-22407E1CD602}.DLL Release.Build.0 = Release|Win32
		{1835626D-5B30-424F-8C75-22407E1CD602}.DLL VB.ActiveCfg = Debug|Win32
		{1835626D-5B30-424F-8C75-22407E1CD602}.DLL VB.Build.0 = Debug|Win32
		{1835626D-5B30-424F-8C75-22407E1CD602}.LIB ASM Debug.ActiveCfg = Debug|Win32
		{1835626D-5B30-424F-8C75-22407E1CD602}.LIB ASM Debug.Build.0 = Debug|Win32
		{1835626D-5B30-424F-8C75-22407E1CD602}.LIB ASM Release.ActiveCfg = Release|Win32
		{1835626D-5B30-424F-8C75-22407E1CD602}.LIB ASM Release.Build.0 = Release|Win32
		{1835626D-5B30-424F-8C75-22407E1CD602}.LIB Debug.ActiveCfg = Debug|Win32
		{1835626D-5B30-424F-8C75-22407E1CD602}.LIB Debug.Build.0 = Debug|Win32
		{1835626D-5B30-424F-8C75-22407E1CD602}.LIB Release.ActiveCfg = Release|Win32
		{1835626D-5B30-424F-8C75-22407E1CD602}.LIB Release.Build.0 = Release|Win32
		{1835626D-5B30-424F-8C75-22407E1CD602}.Release.ActiveCfg = Release|Win32
		{1835626D-5B30-424F-8C75-22407E1CD602}.Release.Build.0 = Release|Win32
		{F718B6FC-0251-4D45-9879-B40E6B55A0C4}.DLL ASM Debug.ActiveCfg = Release|Win32
		{F718B6FC-0251-4D45-9879-B40E6B55A0C4}.DLL ASM Release.ActiveCfg = DllRelease|Win32
		{F718B6FC-0251-4D45-9879-B40E6B55A0C4}.DLL ASM Release.Build.0 = DllRelease|Win32
		{F718B6FC-0251-4D45-9879-B40E6B55A0C4}.DLL Debug.ActiveCfg = Debug|Win32
		{F718B6FC-0251-4D45-9879-B40E6B55A0C4}.DLL Release.ActiveCfg = Release|Win32
		{F718B6FC-0251-4D45-9879-B40E6B55A0C4}.DLL Release.Build.0 = Release|Win32
		{F718B6FC-0251-4D45-9879-B40E6B55A0C4}.DLL VB.ActiveCfg = Debug|Win32
		{F718B6FC-0251-4D45-9879-B40E6B55A0C4}.DLL VB.Build.0 = Debug|Win32
		{F718B6FC-0251-4D45-9879-B40E6B55A0C4}.LIB ASM Debug.ActiveCfg = Debug|Win32
		{F718B6FC-0251-4D45-9879-B40E6B55A0C4}.LIB ASM Debug.Build.0 = Debug|Win32
		{F718B6FC-0251-4D45-9879-B40E6B55A0C4}.LIB ASM Release.ActiveCfg = Release|Win32
		{F718B6FC-0251-4D45-9879-B40E6B55A0C4}.LIB ASM Release.Build.0 = Release|Win32
		{F718B6FC-0251-4D45-9879-B40E6B55A0C4}.LIB Debug.ActiveCfg = Debug|Win32
		{F718B6FC-0251-4D45-9879-B40E6B55A0C4}.LIB Debug.Build.0 = Debug|Win32
		{F718B6FC-0251-4D45-9879-B40E6B55A0C4}.LIB Release.ActiveCfg = Release|Win32
		{F718B6FC-0251-4D45-9879-B40E6B55A0C4}.LIB Release.Build.0 = Release|Win32
		{F718B6FC-0251-4D45-9879-B40E6B55A0C4}.Release.ActiveCfg = Release|Win32
		{F718B6FC-0251-4D45-9879-B40E6B55A0C4}.Release.Build.0 = Release|Win32
		{2C6E231A-E39B-4EA1-815F-CF1C26AA8FB0}.DLL ASM Debug.ActiveCfg = DLL Release|Win32
		{2C6E231A-E39B-4EA1-815F-CF1C26AA8FB0}.DLL ASM Debug.Build.0 = DLL Release|Win32
		{2C6E231A-E39B-4EA1-815F-CF1C26AA8FB0}.DLL ASM Release.ActiveCfg = DLL ASM Release|Win32
		{2C6E231A-E39B-4EA1-815F-CF1C26AA8FB0}.DLL ASM Release.Build.0 = DLL ASM Release|Win32
		{2C6E231A-E39B-4EA1-815F-CF1C26AA8FB0}.DLL Debug.ActiveCfg = DLL Debug|Win32
		{2C6E231A-E39B-4EA1-815F-CF1C26AA8FB0}.DLL Debug.Build.0 = DLL Debug|Win32
		{2C6E231A-E39B-4EA1-815F-CF1C26AA8FB0}.DLL Release.ActiveCfg = DLL ASM Release|Win32
		{2C6E231A-E39B-4EA1-815F-CF1C26AA8FB0}.DLL Release.Build.0 = DLL ASM Release|Win32
		{2C6E231A-E39B-4EA1-815F-CF1C26AA8FB0}.DLL VB.ActiveCfg = DLL ASM Debug|Win32
		{2C6E231A-E39B-4EA1-815F-CF1C26AA8FB0}.DLL VB.Build.0 = DLL ASM Debug|Win32
		{2C6E231A-E39B-4EA1-815F-CF1C26AA8FB0}.LIB ASM Debug.ActiveCfg = LIB ASM Debug|Win32
		{2C6E231A-E39B-4EA1-815F-CF1C26AA8FB0}.LIB ASM Debug.Build.0 = LIB ASM Debug|Win32
		{2C6E231A-E39B-4EA1-815F-CF1C26AA8FB0}.LIB ASM Release.ActiveCfg = LIB ASM Release|Win32
		{2C6E231A-E39B-4EA1-815F-CF1C26AA8FB0}.LIB ASM Release.Build.0 = LIB ASM Release|Win32
		{2C6E231A-E39B-4EA1-815F-CF1C26AA8FB0}.LIB Debug.ActiveCfg = LIB Debug|Win32
		{2C6E231A-E39B-4EA1-815F-CF1C26AA8FB0}.LIB Debug.Build.0 = LIB Debug|Win32
		{2C6E231A-E39B-4EA1-815F-CF1C26AA8FB0}.LIB Release.ActiveCfg = LIB Release|Win32
		{2C6E231A-E39B-4EA1-815F-CF1C26AA8FB0}.LIB Release.Build.0 = LIB Release|Win32
		{2C6E231A-E39B-4EA1-815F-CF1C26AA8FB0}.Release.ActiveCfg = LIB ASM Release|Win32
		{2C6E231A-E39B-4EA1-815F-CF1C26AA8FB0}.Release.Build.0 = LIB ASM Release|Win32
		{7FF7232A-8157-42E4-8845-3B895B930AFD}.DLL ASM Debug.ActiveCfg = DLL Release|Win32
		{7FF7232A-8157-42E4-8845-3B895B930AFD}.DLL ASM Debug.Build.0 = DLL Release|Win32
		{7FF7232A-8157-42E4-8845-3B895B930AFD}.DLL ASM Release.ActiveCfg = DLL ASM Release|Win32
		{7FF7232A-8157-42E4-8845-3B895B930AFD}.DLL ASM Release.Build.0 = DLL ASM Release|Win32
		{7FF7232A-8157-42E4-8845-3B895B930AFD}.DLL Debug.ActiveCfg = DLL Debug|Win32
		{7FF7232A-8157-42E4-8845-3B895B930AFD}.DLL Debug.Build.0 = DLL Debug|Win32
		{7FF7232A-8157-42E4-8845-3B895B930AFD}.DLL Release.ActiveCfg = DLL ASM Release|Win32
		{7FF7232A-8157-42E4-8845-3B895B930AFD}.DLL Release.Build.0 = DLL ASM Release|Win32
		{7FF7232A-8157-42E4-8845-3B895B930AFD}.DLL VB.ActiveCfg = DLL VB|Win32
		{7FF7232A-8157-42E4-8845-3B895B930AFD}.DLL VB.Build.0 = DLL VB|Win32
		{7FF7232A-8157-42E4-8845-3B895B930AFD}.LIB ASM Debug.ActiveCfg = LIB ASM Debug|Win32
		{7FF7232A-8157-42E4-8845-3B895B930AFD}.LIB ASM Debug.Build.0 = LIB ASM Debug|Win32
		{7FF7232A-8157-42E4-8845-3B895B930AFD}.LIB ASM Release.ActiveCfg = LIB ASM Release|Win32
		{7FF7232A-8157-42E4-8845-3B895B930AFD}.LIB ASM Release.Build.0 = LIB ASM Release|Win32
		{7FF7232A-8157-42E4-8845-3B895B930AFD}.LIB Debug.ActiveCfg = LIB Debug|Win32
		{7FF7232A-8157-42E4-8845-3B895B930AFD}.LIB Debug.Build.0 = LIB Debug|Win32
		{7FF7232A-8157-42E4-8845-3B895B930AFD}.LIB Release.ActiveCfg = LIB Release|Win32
		{7FF7232A-8157-42E4-8845-3B895B930AFD}.LIB Release.Build.0 = LIB Release|Win32
		{7FF7232A-8157-42E4-8845-3B895B930AFD}.Release.ActiveCfg = LIB ASM Release|Win32
		{7FF7232A-8157-42E4-8845-3B895B930AFD}.Release.Build.0 = LIB ASM Release|Win32
	EndGlobalSection
	GlobalSection(ExtensibilityGlobals) = postSolution
	EndGlobalSection
	GlobalSection(ExtensibilityAddIns) = postSolution
	EndGlobalSection
EndGlobal
