Microsoft Visual Studio Solution File, Format Version 10.00
# Visual Studio 2008
Project("{8BC9CEB8-8B4A-11D0-8D11-00A0C91BC942}") = "libambulant_win32", "libambulant_win32.vcproj", "{DBD4EFC0-7551-4FBA-AF5A-BFBFDA7D6785}"
EndProject
Project("{8BC9CEB8-8B4A-11D0-8D11-00A0C91BC942}") = "AmbulantPlayer", "AmbulantPlayer.vcproj", "{C9A73F92-DB87-46D2-8808-0CE9CC4B093F}"
	ProjectSection(ProjectDependencies) = postProject
		{F2A2FA67-7BB9-4609-9A5F-9079BAA7CA67} = {F2A2FA67-7BB9-4609-9A5F-9079BAA7CA67}
		{DBD4EFC0-7551-4FBA-AF5A-BFBFDA7D6785} = {DBD4EFC0-7551-4FBA-AF5A-BFBFDA7D6785}
		{EED7FDFC-068B-4035-BF6C-855E9CCC9A3A} = {EED7FDFC-068B-4035-BF6C-855E9CCC9A3A}
	EndProjectSection
EndProject
Project("{8BC9CEB8-8B4A-11D0-8D11-00A0C91BC942}") = "plugin", "plugin.vcproj", "{D2E0FB0F-6190-4A38-BAFF-3FC75104D568}"
	ProjectSection(ProjectDependencies) = postProject
		{DBD4EFC0-7551-4FBA-AF5A-BFBFDA7D6785} = {DBD4EFC0-7551-4FBA-AF5A-BFBFDA7D6785}
	EndProjectSection
EndProject
Project("{8BC9CEB8-8B4A-11D0-8D11-00A0C91BC942}") = "plugin_python", "plugin_python.vcproj", "{46E474CB-34CB-4A95-83E9-240AC8038AE0}"
	ProjectSection(ProjectDependencies) = postProject
		{DBD4EFC0-7551-4FBA-AF5A-BFBFDA7D6785} = {DBD4EFC0-7551-4FBA-AF5A-BFBFDA7D6785}
	EndProjectSection
EndProject
Project("{8BC9CEB8-8B4A-11D0-8D11-00A0C91BC942}") = "plugin_state", "plugin_state.vcproj", "{F2A2FA67-7BB9-4609-9A5F-9079BAA7CA67}"
	ProjectSection(ProjectDependencies) = postProject
		{DBD4EFC0-7551-4FBA-AF5A-BFBFDA7D6785} = {DBD4EFC0-7551-4FBA-AF5A-BFBFDA7D6785}
	EndProjectSection
EndProject
Project("{8BC9CEB8-8B4A-11D0-8D11-00A0C91BC942}") = "plugin_ffmpeg", "plugin_ffmpeg.vcproj", "{EED7FDFC-068B-4035-BF6C-855E9CCC9A3A}"
	ProjectSection(ProjectDependencies) = postProject
		{DBD4EFC0-7551-4FBA-AF5A-BFBFDA7D6785} = {DBD4EFC0-7551-4FBA-AF5A-BFBFDA7D6785}
	EndProjectSection
EndProject
Project("{8BC9CEB8-8B4A-11D0-8D11-00A0C91BC942}") = "npambulant", "npambulant.vcproj", "{4DCBBF00-3086-40AA-B1B7-4FD350835E95}"
	ProjectSection(ProjectDependencies) = postProject
		{F2A2FA67-7BB9-4609-9A5F-9079BAA7CA67} = {F2A2FA67-7BB9-4609-9A5F-9079BAA7CA67}
		{DBD4EFC0-7551-4FBA-AF5A-BFBFDA7D6785} = {DBD4EFC0-7551-4FBA-AF5A-BFBFDA7D6785}
		{EED7FDFC-068B-4035-BF6C-855E9CCC9A3A} = {EED7FDFC-068B-4035-BF6C-855E9CCC9A3A}
	EndProjectSection
EndProject
Global
	GlobalSection(SolutionConfigurationPlatforms) = preSolution
		Debug|Win32 = Debug|Win32
		DebugNoShLibNoXerces|Win32 = DebugNoShLibNoXerces|Win32
		DebugNoXerces|Win32 = DebugNoXerces|Win32
		DebugNoXercesNoHtml|Win32 = DebugNoXercesNoHtml|Win32
		DebugShlib|Win32 = DebugShlib|Win32
		Release|Win32 = Release|Win32
		ReleaseNoShLibNoXerces|Win32 = ReleaseNoShLibNoXerces|Win32
		ReleaseNoXerces|Win32 = ReleaseNoXerces|Win32
		ReleaseNoXercesNoHtml|Win32 = ReleaseNoXercesNoHtml|Win32
		ReleaseShlib|Win32 = ReleaseShlib|Win32
	EndGlobalSection
	GlobalSection(ProjectConfigurationPlatforms) = postSolution
		{DBD4EFC0-7551-4FBA-AF5A-BFBFDA7D6785}.Debug|Win32.ActiveCfg = Debug|Win32
		{DBD4EFC0-7551-4FBA-AF5A-BFBFDA7D6785}.Debug|Win32.Build.0 = Debug|Win32
		{DBD4EFC0-7551-4FBA-AF5A-BFBFDA7D6785}.DebugNoShLibNoXerces|Win32.ActiveCfg = DebugNoXercesNoHtml|Win32
		{DBD4EFC0-7551-4FBA-AF5A-BFBFDA7D6785}.DebugNoShLibNoXerces|Win32.Build.0 = DebugNoXercesNoHtml|Win32
		{DBD4EFC0-7551-4FBA-AF5A-BFBFDA7D6785}.DebugNoXerces|Win32.ActiveCfg = DebugNoXerces|Win32
		{DBD4EFC0-7551-4FBA-AF5A-BFBFDA7D6785}.DebugNoXerces|Win32.Build.0 = DebugNoXerces|Win32
		{DBD4EFC0-7551-4FBA-AF5A-BFBFDA7D6785}.DebugNoXercesNoHtml|Win32.ActiveCfg = DebugNoXercesNoHtml|Win32
		{DBD4EFC0-7551-4FBA-AF5A-BFBFDA7D6785}.DebugNoXercesNoHtml|Win32.Build.0 = DebugNoXercesNoHtml|Win32
		{DBD4EFC0-7551-4FBA-AF5A-BFBFDA7D6785}.DebugShlib|Win32.ActiveCfg = DebugShlib|Win32
		{DBD4EFC0-7551-4FBA-AF5A-BFBFDA7D6785}.DebugShlib|Win32.Build.0 = DebugShlib|Win32
		{DBD4EFC0-7551-4FBA-AF5A-BFBFDA7D6785}.Release|Win32.ActiveCfg = Release|Win32
		{DBD4EFC0-7551-4FBA-AF5A-BFBFDA7D6785}.Release|Win32.Build.0 = Release|Win32
		{DBD4EFC0-7551-4FBA-AF5A-BFBFDA7D6785}.ReleaseNoShLibNoXerces|Win32.ActiveCfg = ReleaseNoXercesNoHtml|Win32
		{DBD4EFC0-7551-4FBA-AF5A-BFBFDA7D6785}.ReleaseNoShLibNoXerces|Win32.Build.0 = ReleaseNoXercesNoHtml|Win32
		{DBD4EFC0-7551-4FBA-AF5A-BFBFDA7D6785}.ReleaseNoXerces|Win32.ActiveCfg = ReleaseNoXerces|Win32
		{DBD4EFC0-7551-4FBA-AF5A-BFBFDA7D6785}.ReleaseNoXerces|Win32.Build.0 = ReleaseNoXerces|Win32
		{DBD4EFC0-7551-4FBA-AF5A-BFBFDA7D6785}.ReleaseNoXercesNoHtml|Win32.ActiveCfg = ReleaseNoXercesNoHtml|Win32
		{DBD4EFC0-7551-4FBA-AF5A-BFBFDA7D6785}.ReleaseNoXercesNoHtml|Win32.Build.0 = ReleaseNoXercesNoHtml|Win32
		{DBD4EFC0-7551-4FBA-AF5A-BFBFDA7D6785}.ReleaseShlib|Win32.ActiveCfg = ReleaseShlib|Win32
		{DBD4EFC0-7551-4FBA-AF5A-BFBFDA7D6785}.ReleaseShlib|Win32.Build.0 = ReleaseShlib|Win32
		{C9A73F92-DB87-46D2-8808-0CE9CC4B093F}.Debug|Win32.ActiveCfg = Debug|Win32
		{C9A73F92-DB87-46D2-8808-0CE9CC4B093F}.Debug|Win32.Build.0 = Debug|Win32
		{C9A73F92-DB87-46D2-8808-0CE9CC4B093F}.DebugNoShLibNoXerces|Win32.ActiveCfg = DebugNoXercesNoHtml|Win32
		{C9A73F92-DB87-46D2-8808-0CE9CC4B093F}.DebugNoShLibNoXerces|Win32.Build.0 = DebugNoXercesNoHtml|Win32
		{C9A73F92-DB87-46D2-8808-0CE9CC4B093F}.DebugNoXerces|Win32.ActiveCfg = DebugNoXerces|Win32
		{C9A73F92-DB87-46D2-8808-0CE9CC4B093F}.DebugNoXerces|Win32.Build.0 = DebugNoXerces|Win32
		{C9A73F92-DB87-46D2-8808-0CE9CC4B093F}.DebugNoXercesNoHtml|Win32.ActiveCfg = DebugNoXercesNoHtml|Win32
		{C9A73F92-DB87-46D2-8808-0CE9CC4B093F}.DebugNoXercesNoHtml|Win32.Build.0 = DebugNoXercesNoHtml|Win32
		{C9A73F92-DB87-46D2-8808-0CE9CC4B093F}.DebugShlib|Win32.ActiveCfg = DebugShlib|Win32
		{C9A73F92-DB87-46D2-8808-0CE9CC4B093F}.DebugShlib|Win32.Build.0 = DebugShlib|Win32
		{C9A73F92-DB87-46D2-8808-0CE9CC4B093F}.Release|Win32.ActiveCfg = Release|Win32
		{C9A73F92-DB87-46D2-8808-0CE9CC4B093F}.Release|Win32.Build.0 = Release|Win32
		{C9A73F92-DB87-46D2-8808-0CE9CC4B093F}.ReleaseNoShLibNoXerces|Win32.ActiveCfg = ReleaseNoXercesNoHtml|Win32
		{C9A73F92-DB87-46D2-8808-0CE9CC4B093F}.ReleaseNoShLibNoXerces|Win32.Build.0 = ReleaseNoXercesNoHtml|Win32
		{C9A73F92-DB87-46D2-8808-0CE9CC4B093F}.ReleaseNoXerces|Win32.ActiveCfg = ReleaseNoXerces|Win32
		{C9A73F92-DB87-46D2-8808-0CE9CC4B093F}.ReleaseNoXerces|Win32.Build.0 = ReleaseNoXerces|Win32
		{C9A73F92-DB87-46D2-8808-0CE9CC4B093F}.ReleaseNoXercesNoHtml|Win32.ActiveCfg = ReleaseNoXercesNoHtml|Win32
		{C9A73F92-DB87-46D2-8808-0CE9CC4B093F}.ReleaseNoXercesNoHtml|Win32.Build.0 = ReleaseNoXercesNoHtml|Win32
		{C9A73F92-DB87-46D2-8808-0CE9CC4B093F}.ReleaseShlib|Win32.ActiveCfg = ReleaseShlib|Win32
		{C9A73F92-DB87-46D2-8808-0CE9CC4B093F}.ReleaseShlib|Win32.Build.0 = ReleaseShlib|Win32
		{D2E0FB0F-6190-4A38-BAFF-3FC75104D568}.Debug|Win32.ActiveCfg = Debug|Win32
		{D2E0FB0F-6190-4A38-BAFF-3FC75104D568}.DebugNoShLibNoXerces|Win32.ActiveCfg = Debug|Win32
		{D2E0FB0F-6190-4A38-BAFF-3FC75104D568}.DebugNoShLibNoXerces|Win32.Build.0 = Debug|Win32
		{D2E0FB0F-6190-4A38-BAFF-3FC75104D568}.DebugNoXerces|Win32.ActiveCfg = Debug|Win32
		{D2E0FB0F-6190-4A38-BAFF-3FC75104D568}.DebugNoXercesNoHtml|Win32.ActiveCfg = Debug|Win32
		{D2E0FB0F-6190-4A38-BAFF-3FC75104D568}.DebugShlib|Win32.ActiveCfg = Debug|Win32
		{D2E0FB0F-6190-4A38-BAFF-3FC75104D568}.Release|Win32.ActiveCfg = Release|Win32
		{D2E0FB0F-6190-4A38-BAFF-3FC75104D568}.ReleaseNoShLibNoXerces|Win32.ActiveCfg = Release|Win32
		{D2E0FB0F-6190-4A38-BAFF-3FC75104D568}.ReleaseNoShLibNoXerces|Win32.Build.0 = Release|Win32
		{D2E0FB0F-6190-4A38-BAFF-3FC75104D568}.ReleaseNoXerces|Win32.ActiveCfg = Release|Win32
		{D2E0FB0F-6190-4A38-BAFF-3FC75104D568}.ReleaseNoXercesNoHtml|Win32.ActiveCfg = Release|Win32
		{D2E0FB0F-6190-4A38-BAFF-3FC75104D568}.ReleaseShlib|Win32.ActiveCfg = Release|Win32
		{D2E0FB0F-6190-4A38-BAFF-3FC75104D568}.ReleaseShlib|Win32.Build.0 = Release|Win32
		{46E474CB-34CB-4A95-83E9-240AC8038AE0}.Debug|Win32.ActiveCfg = Debug|Win32
		{46E474CB-34CB-4A95-83E9-240AC8038AE0}.DebugNoShLibNoXerces|Win32.ActiveCfg = Debug|Win32
		{46E474CB-34CB-4A95-83E9-240AC8038AE0}.DebugNoShLibNoXerces|Win32.Build.0 = Debug|Win32
		{46E474CB-34CB-4A95-83E9-240AC8038AE0}.DebugNoXerces|Win32.ActiveCfg = Debug|Win32
		{46E474CB-34CB-4A95-83E9-240AC8038AE0}.DebugNoXercesNoHtml|Win32.ActiveCfg = Debug|Win32
		{46E474CB-34CB-4A95-83E9-240AC8038AE0}.DebugShlib|Win32.ActiveCfg = Debug|Win32
		{46E474CB-34CB-4A95-83E9-240AC8038AE0}.Release|Win32.ActiveCfg = Release|Win32
		{46E474CB-34CB-4A95-83E9-240AC8038AE0}.ReleaseNoShLibNoXerces|Win32.ActiveCfg = Release|Win32
		{46E474CB-34CB-4A95-83E9-240AC8038AE0}.ReleaseNoShLibNoXerces|Win32.Build.0 = Release|Win32
		{46E474CB-34CB-4A95-83E9-240AC8038AE0}.ReleaseNoXerces|Win32.ActiveCfg = Release|Win32
		{46E474CB-34CB-4A95-83E9-240AC8038AE0}.ReleaseNoXercesNoHtml|Win32.ActiveCfg = Release|Win32
		{46E474CB-34CB-4A95-83E9-240AC8038AE0}.ReleaseShlib|Win32.ActiveCfg = Release|Win32
		{F2A2FA67-7BB9-4609-9A5F-9079BAA7CA67}.Debug|Win32.ActiveCfg = Debug|Win32
		{F2A2FA67-7BB9-4609-9A5F-9079BAA7CA67}.DebugNoShLibNoXerces|Win32.ActiveCfg = Debug|Win32
		{F2A2FA67-7BB9-4609-9A5F-9079BAA7CA67}.DebugNoShLibNoXerces|Win32.Build.0 = Debug|Win32
		{F2A2FA67-7BB9-4609-9A5F-9079BAA7CA67}.DebugNoXerces|Win32.ActiveCfg = Debug|Win32
		{F2A2FA67-7BB9-4609-9A5F-9079BAA7CA67}.DebugNoXercesNoHtml|Win32.ActiveCfg = Debug|Win32
		{F2A2FA67-7BB9-4609-9A5F-9079BAA7CA67}.DebugShlib|Win32.ActiveCfg = Debug|Win32
		{F2A2FA67-7BB9-4609-9A5F-9079BAA7CA67}.DebugShlib|Win32.Build.0 = Debug|Win32
		{F2A2FA67-7BB9-4609-9A5F-9079BAA7CA67}.Release|Win32.ActiveCfg = Release|Win32
		{F2A2FA67-7BB9-4609-9A5F-9079BAA7CA67}.ReleaseNoShLibNoXerces|Win32.ActiveCfg = Release|Win32
		{F2A2FA67-7BB9-4609-9A5F-9079BAA7CA67}.ReleaseNoShLibNoXerces|Win32.Build.0 = Release|Win32
		{F2A2FA67-7BB9-4609-9A5F-9079BAA7CA67}.ReleaseNoXerces|Win32.ActiveCfg = Release|Win32
		{F2A2FA67-7BB9-4609-9A5F-9079BAA7CA67}.ReleaseNoXercesNoHtml|Win32.ActiveCfg = Release|Win32
		{F2A2FA67-7BB9-4609-9A5F-9079BAA7CA67}.ReleaseShlib|Win32.ActiveCfg = Release|Win32
		{F2A2FA67-7BB9-4609-9A5F-9079BAA7CA67}.ReleaseShlib|Win32.Build.0 = Release|Win32
		{EED7FDFC-068B-4035-BF6C-855E9CCC9A3A}.Debug|Win32.ActiveCfg = Debug|Win32
		{EED7FDFC-068B-4035-BF6C-855E9CCC9A3A}.DebugNoShLibNoXerces|Win32.ActiveCfg = Debug|Win32
		{EED7FDFC-068B-4035-BF6C-855E9CCC9A3A}.DebugNoShLibNoXerces|Win32.Build.0 = Debug|Win32
		{EED7FDFC-068B-4035-BF6C-855E9CCC9A3A}.DebugNoXerces|Win32.ActiveCfg = Debug|Win32
		{EED7FDFC-068B-4035-BF6C-855E9CCC9A3A}.DebugNoXercesNoHtml|Win32.ActiveCfg = Debug|Win32
		{EED7FDFC-068B-4035-BF6C-855E9CCC9A3A}.DebugShlib|Win32.ActiveCfg = Debug|Win32
		{EED7FDFC-068B-4035-BF6C-855E9CCC9A3A}.DebugShlib|Win32.Build.0 = Debug|Win32
		{EED7FDFC-068B-4035-BF6C-855E9CCC9A3A}.Release|Win32.ActiveCfg = Release|Win32
		{EED7FDFC-068B-4035-BF6C-855E9CCC9A3A}.ReleaseNoShLibNoXerces|Win32.ActiveCfg = Release|Win32
		{EED7FDFC-068B-4035-BF6C-855E9CCC9A3A}.ReleaseNoShLibNoXerces|Win32.Build.0 = Release|Win32
		{EED7FDFC-068B-4035-BF6C-855E9CCC9A3A}.ReleaseNoXerces|Win32.ActiveCfg = Release|Win32
		{EED7FDFC-068B-4035-BF6C-855E9CCC9A3A}.ReleaseNoXercesNoHtml|Win32.ActiveCfg = Release|Win32
		{EED7FDFC-068B-4035-BF6C-855E9CCC9A3A}.ReleaseShlib|Win32.ActiveCfg = Release|Win32
		{EED7FDFC-068B-4035-BF6C-855E9CCC9A3A}.ReleaseShlib|Win32.Build.0 = Release|Win32
		{4DCBBF00-3086-40AA-B1B7-4FD350835E95}.Debug|Win32.ActiveCfg = Debug|Win32
		{4DCBBF00-3086-40AA-B1B7-4FD350835E95}.DebugNoShLibNoXerces|Win32.ActiveCfg = Debug|Win32
		{4DCBBF00-3086-40AA-B1B7-4FD350835E95}.DebugNoShLibNoXerces|Win32.Build.0 = Debug|Win32
		{4DCBBF00-3086-40AA-B1B7-4FD350835E95}.DebugNoXerces|Win32.ActiveCfg = Debug|Win32
		{4DCBBF00-3086-40AA-B1B7-4FD350835E95}.DebugNoXerces|Win32.Build.0 = Debug|Win32
		{4DCBBF00-3086-40AA-B1B7-4FD350835E95}.DebugNoXercesNoHtml|Win32.ActiveCfg = Debug|Win32
		{4DCBBF00-3086-40AA-B1B7-4FD350835E95}.DebugNoXercesNoHtml|Win32.Build.0 = Debug|Win32
		{4DCBBF00-3086-40AA-B1B7-4FD350835E95}.DebugShlib|Win32.ActiveCfg = Debug|Win32
		{4DCBBF00-3086-40AA-B1B7-4FD350835E95}.Release|Win32.ActiveCfg = Release|Win32
		{4DCBBF00-3086-40AA-B1B7-4FD350835E95}.Release|Win32.Build.0 = Release|Win32
		{4DCBBF00-3086-40AA-B1B7-4FD350835E95}.ReleaseNoShLibNoXerces|Win32.ActiveCfg = Release|Win32
		{4DCBBF00-3086-40AA-B1B7-4FD350835E95}.ReleaseNoShLibNoXerces|Win32.Build.0 = Release|Win32
		{4DCBBF00-3086-40AA-B1B7-4FD350835E95}.ReleaseNoXerces|Win32.ActiveCfg = Release|Win32
		{4DCBBF00-3086-40AA-B1B7-4FD350835E95}.ReleaseNoXerces|Win32.Build.0 = Release|Win32
		{4DCBBF00-3086-40AA-B1B7-4FD350835E95}.ReleaseNoXercesNoHtml|Win32.ActiveCfg = Release|Win32
		{4DCBBF00-3086-40AA-B1B7-4FD350835E95}.ReleaseNoXercesNoHtml|Win32.Build.0 = Release|Win32
		{4DCBBF00-3086-40AA-B1B7-4FD350835E95}.ReleaseShlib|Win32.ActiveCfg = Release|Win32
		{4DCBBF00-3086-40AA-B1B7-4FD350835E95}.ReleaseShlib|Win32.Build.0 = Release|Win32
	EndGlobalSection
	GlobalSection(SolutionProperties) = preSolution
		HideSolutionNode = FALSE
	EndGlobalSection
EndGlobal
