Microsoft Visual Studio Solution File, Format Version 10.00
# Visual Studio 2008
Project("{8BC9CEB8-8B4A-11D0-8D11-00A0C91BC942}") = "libambulant_win32", "libambulant_win32.vcproj", "{DBD4EFC0-7551-4FBA-AF5A-BFBFDA7D6785}"
EndProject
Project("{8BC9CEB8-8B4A-11D0-8D11-00A0C91BC942}") = "AmbulantPlayer", "AmbulantPlayer.vcproj", "{C9A73F92-DB87-46D2-8808-0CE9CC4B093F}"
	ProjectSection(ProjectDependencies) = postProject
		{F2A2FA67-7BB9-4609-9A5F-9079BAA7CA67} = {F2A2FA67-7BB9-4609-9A5F-9079BAA7CA67}
		{DBD4EFC0-7551-4FBA-AF5A-BFBFDA7D6785} = {DBD4EFC0-7551-4FBA-AF5A-BFBFDA7D6785}
		{46E474CB-34CB-4A95-83E9-240AC8038AE0} = {46E474CB-34CB-4A95-83E9-240AC8038AE0}
		{FD0FADF1-B9FB-4C68-98C5-00CD1AA043D6} = {FD0FADF1-B9FB-4C68-98C5-00CD1AA043D6}
		{EED7FDFC-068B-4035-BF6C-855E9CCC9A3A} = {EED7FDFC-068B-4035-BF6C-855E9CCC9A3A}
	EndProjectSection
EndProject
Project("{8BC9CEB8-8B4A-11D0-8D11-00A0C91BC942}") = "plugin", "plugin.vcproj", "{D2E0FB0F-6190-4A38-BAFF-3FC75104D568}"
	ProjectSection(ProjectDependencies) = postProject
		{DBD4EFC0-7551-4FBA-AF5A-BFBFDA7D6785} = {DBD4EFC0-7551-4FBA-AF5A-BFBFDA7D6785}
	EndProjectSection
EndProject
Project("{8BC9CEB8-8B4A-11D0-8D11-00A0C91BC942}") = "plugin_python", "plugin_python.vcproj", "{46E474CB-34CB-4A95-83E9-240AC8038AE0}"
	ProjectSection(ProjectDependencies) = postProject
		{ABB895C0-7435-406D-A44F-8C68B6DB7093} = {ABB895C0-7435-406D-A44F-8C68B6DB7093}
		{DBD4EFC0-7551-4FBA-AF5A-BFBFDA7D6785} = {DBD4EFC0-7551-4FBA-AF5A-BFBFDA7D6785}
	EndProjectSection
EndProject
Project("{8BC9CEB8-8B4A-11D0-8D11-00A0C91BC942}") = "plugin_state", "plugin_state.vcproj", "{F2A2FA67-7BB9-4609-9A5F-9079BAA7CA67}"
	ProjectSection(ProjectDependencies) = postProject
		{DBD4EFC0-7551-4FBA-AF5A-BFBFDA7D6785} = {DBD4EFC0-7551-4FBA-AF5A-BFBFDA7D6785}
	EndProjectSection
EndProject
Project("{8BC9CEB8-8B4A-11D0-8D11-00A0C91BC942}") = "plugin_ffmpeg", "plugin_ffmpeg.vcproj", "{EED7FDFC-068B-4035-BF6C-855E9CCC9A3A}"
	ProjectSection(ProjectDependencies) = postProject
		{DBD4EFC0-7551-4FBA-AF5A-BFBFDA7D6785} = {DBD4EFC0-7551-4FBA-AF5A-BFBFDA7D6785}
	EndProjectSection
EndProject
Project("{8BC9CEB8-8B4A-11D0-8D11-00A0C91BC942}") = "npambulant", "npambulant.vcproj", "{4DCBBF00-3086-40AA-B1B7-4FD350835E95}"
	ProjectSection(ProjectDependencies) = postProject
		{F2A2FA67-7BB9-4609-9A5F-9079BAA7CA67} = {F2A2FA67-7BB9-4609-9A5F-9079BAA7CA67}
		{DBD4EFC0-7551-4FBA-AF5A-BFBFDA7D6785} = {DBD4EFC0-7551-4FBA-AF5A-BFBFDA7D6785}
		{EED7FDFC-068B-4035-BF6C-855E9CCC9A3A} = {EED7FDFC-068B-4035-BF6C-855E9CCC9A3A}
	EndProjectSection
EndProject
Project("{8BC9CEB8-8B4A-11D0-8D11-00A0C91BC942}") = "plugin_xerces", "plugin_xerces.vcproj", "{51CEFA69-BAB3-421F-9A79-17FBB4E73F21}"
	ProjectSection(ProjectDependencies) = postProject
		{DBD4EFC0-7551-4FBA-AF5A-BFBFDA7D6785} = {DBD4EFC0-7551-4FBA-AF5A-BFBFDA7D6785}
	EndProjectSection
EndProject
Project("{8BC9CEB8-8B4A-11D0-8D11-00A0C91BC942}") = "pyambulant", "pyambulant.vcproj", "{ABB895C0-7435-406D-A44F-8C68B6DB7093}"
	ProjectSection(ProjectDependencies) = postProject
		{DBD4EFC0-7551-4FBA-AF5A-BFBFDA7D6785} = {DBD4EFC0-7551-4FBA-AF5A-BFBFDA7D6785}
	EndProjectSection
EndProject
Project("{8BC9CEB8-8B4A-11D0-8D11-00A0C91BC942}") = "AmbulantActiveX", "ieambulant.vcproj", "{CA6DD7C2-8A6D-4D13-91E8-D60289AAED9E}"
	ProjectSection(ProjectDependencies) = postProject
		{F2A2FA67-7BB9-4609-9A5F-9079BAA7CA67} = {F2A2FA67-7BB9-4609-9A5F-9079BAA7CA67}
		{51CEFA69-BAB3-421F-9A79-17FBB4E73F21} = {51CEFA69-BAB3-421F-9A79-17FBB4E73F21}
		{DBD4EFC0-7551-4FBA-AF5A-BFBFDA7D6785} = {DBD4EFC0-7551-4FBA-AF5A-BFBFDA7D6785}
		{EED7FDFC-068B-4035-BF6C-855E9CCC9A3A} = {EED7FDFC-068B-4035-BF6C-855E9CCC9A3A}
	EndProjectSection
EndProject
Project("{8BC9CEB8-8B4A-11D0-8D11-00A0C91BC942}") = "npambulant-installer", "npambulant-installer.vcproj", "{E758D8FC-44AE-4D39-B642-94B252CD1559}"
	ProjectSection(ProjectDependencies) = postProject
		{4DCBBF00-3086-40AA-B1B7-4FD350835E95} = {4DCBBF00-3086-40AA-B1B7-4FD350835E95}
	EndProjectSection
EndProject
Project("{8BC9CEB8-8B4A-11D0-8D11-00A0C91BC942}") = "AmbulantActiveX-installer", "AmbulantActiveX-installer.vcproj", "{8C83D0F9-883F-4677-85CE-FEE59F194124}"
	ProjectSection(ProjectDependencies) = postProject
		{CA6DD7C2-8A6D-4D13-91E8-D60289AAED9E} = {CA6DD7C2-8A6D-4D13-91E8-D60289AAED9E}
	EndProjectSection
EndProject
Project("{8BC9CEB8-8B4A-11D0-8D11-00A0C91BC942}") = "plugin_timesync", "plugin_timesync.vcproj", "{FD0FADF1-B9FB-4C68-98C5-00CD1AA043D6}"
	ProjectSection(ProjectDependencies) = postProject
		{DBD4EFC0-7551-4FBA-AF5A-BFBFDA7D6785} = {DBD4EFC0-7551-4FBA-AF5A-BFBFDA7D6785}
	EndProjectSection
EndProject
Global
	GlobalSection(SolutionConfigurationPlatforms) = preSolution
		Debug|Win32 = Debug|Win32
		DebugStatic|Win32 = DebugStatic|Win32
		Release|Win32 = Release|Win32
		ReleaseStatic|Win32 = ReleaseStatic|Win32
	EndGlobalSection
	GlobalSection(ProjectConfigurationPlatforms) = postSolution
		{DBD4EFC0-7551-4FBA-AF5A-BFBFDA7D6785}.Debug|Win32.ActiveCfg = Debug|Win32
		{DBD4EFC0-7551-4FBA-AF5A-BFBFDA7D6785}.Debug|Win32.Build.0 = Debug|Win32
		{DBD4EFC0-7551-4FBA-AF5A-BFBFDA7D6785}.DebugStatic|Win32.ActiveCfg = ReleaseStatic|Win32
		{DBD4EFC0-7551-4FBA-AF5A-BFBFDA7D6785}.DebugStatic|Win32.Build.0 = ReleaseStatic|Win32
		{DBD4EFC0-7551-4FBA-AF5A-BFBFDA7D6785}.Release|Win32.ActiveCfg = Release|Win32
		{DBD4EFC0-7551-4FBA-AF5A-BFBFDA7D6785}.Release|Win32.Build.0 = Release|Win32
		{DBD4EFC0-7551-4FBA-AF5A-BFBFDA7D6785}.ReleaseStatic|Win32.ActiveCfg = ReleaseStatic|Win32
		{DBD4EFC0-7551-4FBA-AF5A-BFBFDA7D6785}.ReleaseStatic|Win32.Build.0 = ReleaseStatic|Win32
		{C9A73F92-DB87-46D2-8808-0CE9CC4B093F}.Debug|Win32.ActiveCfg = Debug|Win32
		{C9A73F92-DB87-46D2-8808-0CE9CC4B093F}.Debug|Win32.Build.0 = Debug|Win32
		{C9A73F92-DB87-46D2-8808-0CE9CC4B093F}.DebugStatic|Win32.ActiveCfg = ReleaseStatic|Win32
		{C9A73F92-DB87-46D2-8808-0CE9CC4B093F}.DebugStatic|Win32.Build.0 = ReleaseStatic|Win32
		{C9A73F92-DB87-46D2-8808-0CE9CC4B093F}.Release|Win32.ActiveCfg = Release|Win32
		{C9A73F92-DB87-46D2-8808-0CE9CC4B093F}.Release|Win32.Build.0 = Release|Win32
		{C9A73F92-DB87-46D2-8808-0CE9CC4B093F}.ReleaseStatic|Win32.ActiveCfg = ReleaseStatic|Win32
		{C9A73F92-DB87-46D2-8808-0CE9CC4B093F}.ReleaseStatic|Win32.Build.0 = ReleaseStatic|Win32
		{D2E0FB0F-6190-4A38-BAFF-3FC75104D568}.Debug|Win32.ActiveCfg = Debug|Win32
		{D2E0FB0F-6190-4A38-BAFF-3FC75104D568}.Debug|Win32.Build.0 = Debug|Win32
		{D2E0FB0F-6190-4A38-BAFF-3FC75104D568}.DebugStatic|Win32.ActiveCfg = Release|Win32
		{D2E0FB0F-6190-4A38-BAFF-3FC75104D568}.Release|Win32.ActiveCfg = Release|Win32
		{D2E0FB0F-6190-4A38-BAFF-3FC75104D568}.ReleaseStatic|Win32.ActiveCfg = Release|Win32
		{46E474CB-34CB-4A95-83E9-240AC8038AE0}.Debug|Win32.ActiveCfg = Debug|Win32
		{46E474CB-34CB-4A95-83E9-240AC8038AE0}.Debug|Win32.Build.0 = Debug|Win32
		{46E474CB-34CB-4A95-83E9-240AC8038AE0}.DebugStatic|Win32.ActiveCfg = Release|Win32
		{46E474CB-34CB-4A95-83E9-240AC8038AE0}.Release|Win32.ActiveCfg = Release|Win32
		{46E474CB-34CB-4A95-83E9-240AC8038AE0}.Release|Win32.Build.0 = Release|Win32
		{46E474CB-34CB-4A95-83E9-240AC8038AE0}.ReleaseStatic|Win32.ActiveCfg = Release|Win32
		{F2A2FA67-7BB9-4609-9A5F-9079BAA7CA67}.Debug|Win32.ActiveCfg = Debug|Win32
		{F2A2FA67-7BB9-4609-9A5F-9079BAA7CA67}.DebugStatic|Win32.ActiveCfg = Release|Win32
		{F2A2FA67-7BB9-4609-9A5F-9079BAA7CA67}.Release|Win32.ActiveCfg = Release|Win32
		{F2A2FA67-7BB9-4609-9A5F-9079BAA7CA67}.Release|Win32.Build.0 = Release|Win32
		{F2A2FA67-7BB9-4609-9A5F-9079BAA7CA67}.ReleaseStatic|Win32.ActiveCfg = Release|Win32
		{EED7FDFC-068B-4035-BF6C-855E9CCC9A3A}.Debug|Win32.ActiveCfg = Debug|Win32
		{EED7FDFC-068B-4035-BF6C-855E9CCC9A3A}.Debug|Win32.Build.0 = Debug|Win32
		{EED7FDFC-068B-4035-BF6C-855E9CCC9A3A}.DebugStatic|Win32.ActiveCfg = Release|Win32
		{EED7FDFC-068B-4035-BF6C-855E9CCC9A3A}.Release|Win32.ActiveCfg = Release|Win32
		{EED7FDFC-068B-4035-BF6C-855E9CCC9A3A}.Release|Win32.Build.0 = Release|Win32
		{EED7FDFC-068B-4035-BF6C-855E9CCC9A3A}.ReleaseStatic|Win32.ActiveCfg = Release|Win32
		{4DCBBF00-3086-40AA-B1B7-4FD350835E95}.Debug|Win32.ActiveCfg = Debug|Win32
		{4DCBBF00-3086-40AA-B1B7-4FD350835E95}.DebugStatic|Win32.ActiveCfg = Release|Win32
		{4DCBBF00-3086-40AA-B1B7-4FD350835E95}.Release|Win32.ActiveCfg = Release|Win32
		{4DCBBF00-3086-40AA-B1B7-4FD350835E95}.Release|Win32.Build.0 = Release|Win32
		{4DCBBF00-3086-40AA-B1B7-4FD350835E95}.ReleaseStatic|Win32.ActiveCfg = Release|Win32
		{51CEFA69-BAB3-421F-9A79-17FBB4E73F21}.Debug|Win32.ActiveCfg = Debug|Win32
		{51CEFA69-BAB3-421F-9A79-17FBB4E73F21}.Debug|Win32.Build.0 = Debug|Win32
		{51CEFA69-BAB3-421F-9A79-17FBB4E73F21}.DebugStatic|Win32.ActiveCfg = Release|Win32
		{51CEFA69-BAB3-421F-9A79-17FBB4E73F21}.Release|Win32.ActiveCfg = Release|Win32
		{51CEFA69-BAB3-421F-9A79-17FBB4E73F21}.Release|Win32.Build.0 = Release|Win32
		{51CEFA69-BAB3-421F-9A79-17FBB4E73F21}.ReleaseStatic|Win32.ActiveCfg = Release|Win32
		{ABB895C0-7435-406D-A44F-8C68B6DB7093}.Debug|Win32.ActiveCfg = Debug|Win32
		{ABB895C0-7435-406D-A44F-8C68B6DB7093}.DebugStatic|Win32.ActiveCfg = Release|Win32
		{ABB895C0-7435-406D-A44F-8C68B6DB7093}.Release|Win32.ActiveCfg = Release|Win32
		{ABB895C0-7435-406D-A44F-8C68B6DB7093}.Release|Win32.Build.0 = Release|Win32
		{ABB895C0-7435-406D-A44F-8C68B6DB7093}.ReleaseStatic|Win32.ActiveCfg = Release|Win32
		{CA6DD7C2-8A6D-4D13-91E8-D60289AAED9E}.Debug|Win32.ActiveCfg = Release|Win32
		{CA6DD7C2-8A6D-4D13-91E8-D60289AAED9E}.DebugStatic|Win32.ActiveCfg = Release|Win32
		{CA6DD7C2-8A6D-4D13-91E8-D60289AAED9E}.Release|Win32.ActiveCfg = Release|Win32
		{CA6DD7C2-8A6D-4D13-91E8-D60289AAED9E}.Release|Win32.Build.0 = Release|Win32
		{CA6DD7C2-8A6D-4D13-91E8-D60289AAED9E}.ReleaseStatic|Win32.ActiveCfg = Release|Win32
		{E758D8FC-44AE-4D39-B642-94B252CD1559}.Debug|Win32.ActiveCfg = Debug|Win32
		{E758D8FC-44AE-4D39-B642-94B252CD1559}.DebugStatic|Win32.ActiveCfg = Release|Win32
		{E758D8FC-44AE-4D39-B642-94B252CD1559}.Release|Win32.ActiveCfg = Release|Win32
		{E758D8FC-44AE-4D39-B642-94B252CD1559}.Release|Win32.Build.0 = Release|Win32
		{E758D8FC-44AE-4D39-B642-94B252CD1559}.ReleaseStatic|Win32.ActiveCfg = Release|Win32
		{8C83D0F9-883F-4677-85CE-FEE59F194124}.Debug|Win32.ActiveCfg = Debug|Win32
		{8C83D0F9-883F-4677-85CE-FEE59F194124}.DebugStatic|Win32.ActiveCfg = Release|Win32
		{8C83D0F9-883F-4677-85CE-FEE59F194124}.Release|Win32.ActiveCfg = Release|Win32
		{8C83D0F9-883F-4677-85CE-FEE59F194124}.Release|Win32.Build.0 = Release|Win32
		{8C83D0F9-883F-4677-85CE-FEE59F194124}.ReleaseStatic|Win32.ActiveCfg = Release|Win32
		{FD0FADF1-B9FB-4C68-98C5-00CD1AA043D6}.Debug|Win32.ActiveCfg = Debug|Win32
		{FD0FADF1-B9FB-4C68-98C5-00CD1AA043D6}.Debug|Win32.Build.0 = Debug|Win32
		{FD0FADF1-B9FB-4C68-98C5-00CD1AA043D6}.DebugStatic|Win32.ActiveCfg = Release|Win32
		{FD0FADF1-B9FB-4C68-98C5-00CD1AA043D6}.Release|Win32.ActiveCfg = Release|Win32
		{FD0FADF1-B9FB-4C68-98C5-00CD1AA043D6}.ReleaseStatic|Win32.ActiveCfg = Release|Win32
	EndGlobalSection
	GlobalSection(SolutionProperties) = preSolution
		HideSolutionNode = FALSE
	EndGlobalSection
EndGlobal
