Microsoft Visual Studio Solution File, Format Version 10.00
# Visual Studio 2008
Project("{8BC9CEB8-8B4A-11D0-8D11-00A0C91BC942}") = "expat", "..\..\third_party_packages\expat\lib\expat.vcproj", "{1835626D-5B30-424F-8C75-22407E1CD602}"
EndProject
Project("{8BC9CEB8-8B4A-11D0-8D11-00A0C91BC942}") = "libjpeg", "..\..\third_party_packages\jpeg\win32\libjpeg.vcproj", "{F718B6FC-0251-4D45-9879-B40E6B55A0C4}"
EndProject
Project("{8BC9CEB8-8B4A-11D0-8D11-00A0C91BC942}") = "zlib", "..\..\third_party_packages\lpng128\projects\visualc71\zlib.vcproj", "{2C6E231A-E39B-4EA1-815F-CF1C26AA8FB0}"
EndProject
Project("{8BC9CEB8-8B4A-11D0-8D11-00A0C91BC942}") = "libpng", "..\..\third_party_packages\lpng128\projects\visualc71\libpng.vcproj", "{7FF7232A-8157-42E4-8845-3B895B930AFD}"
EndProject
Project("{8BC9CEB8-8B4A-11D0-8D11-00A0C91BC942}") = "libxml2", "libxml2.vcproj", "{AA0AA077-AE1E-4327-A54D-5381A01AEB97}"
EndProject
Project("{8BC9CEB8-8B4A-11D0-8D11-00A0C91BC942}") = "copy_tpp_win32", "copy_tpp_win32.vcproj", "{48DB09AD-9285-49EA-8000-C5254871F91C}"
	ProjectSection(ProjectDependencies) = postProject
		{88B5AE0B-EA79-49B3-A0BF-0B0E2A4ED295} = {88B5AE0B-EA79-49B3-A0BF-0B0E2A4ED295}
		{2C6E231A-E39B-4EA1-815F-CF1C26AA8FB0} = {2C6E231A-E39B-4EA1-815F-CF1C26AA8FB0}
		{7FF7232A-8157-42E4-8845-3B895B930AFD} = {7FF7232A-8157-42E4-8845-3B895B930AFD}
		{46E9776A-96F3-4CB7-8CE2-911B30275725} = {46E9776A-96F3-4CB7-8CE2-911B30275725}
		{1835626D-5B30-424F-8C75-22407E1CD602} = {1835626D-5B30-424F-8C75-22407E1CD602}
		{AA0AA077-AE1E-4327-A54D-5381A01AEB97} = {AA0AA077-AE1E-4327-A54D-5381A01AEB97}
		{1C6B38DA-15AC-4567-973E-328BA8929EF6} = {1C6B38DA-15AC-4567-973E-328BA8929EF6}
		{D8AC6EF9-27B6-4AB9-BE18-69F613791390} = {D8AC6EF9-27B6-4AB9-BE18-69F613791390}
		{F718B6FC-0251-4D45-9879-B40E6B55A0C4} = {F718B6FC-0251-4D45-9879-B40E6B55A0C4}
	EndProjectSection
EndProject
Global
	GlobalSection(SolutionConfigurationPlatforms) = preSolution
		Debug|Win32 = Debug|Win32
		DLL ASM Debug|Win32 = DLL ASM Debug|Win32
		DLL ASM Release|Win32 = DLL ASM Release|Win32
		DLL Debug|Win32 = DLL Debug|Win32
		DLL Release|Win32 = DLL Release|Win32
		DLL VB|Win32 = DLL VB|Win32
		DllRelease|Win32 = DllRelease|Win32
		LIB ASM Debug|Win32 = LIB ASM Debug|Win32
		LIB ASM Release|Win32 = LIB ASM Release|Win32
		LIB Debug|Win32 = LIB Debug|Win32
		LIB Release|Win32 = LIB Release|Win32
		Release|Win32 = Release|Win32
	EndGlobalSection
	GlobalSection(ProjectConfigurationPlatforms) = postSolution
		{1835626D-5B30-424F-8C75-22407E1CD602}.Debug|Win32.ActiveCfg = Release|Win32
		{1835626D-5B30-424F-8C75-22407E1CD602}.Debug|Win32.Build.0 = Debug|Win32
		{1835626D-5B30-424F-8C75-22407E1CD602}.DLL ASM Debug|Win32.ActiveCfg = Release|Win32
		{1835626D-5B30-424F-8C75-22407E1CD602}.DLL ASM Release|Win32.ActiveCfg = Release|Win32
		{1835626D-5B30-424F-8C75-22407E1CD602}.DLL ASM Release|Win32.Build.0 = DllRelease|Win32
		{1835626D-5B30-424F-8C75-22407E1CD602}.DLL Debug|Win32.ActiveCfg = Release|Win32
		{1835626D-5B30-424F-8C75-22407E1CD602}.DLL Release|Win32.ActiveCfg = Release|Win32
		{1835626D-5B30-424F-8C75-22407E1CD602}.DLL Release|Win32.Build.0 = Release|Win32
		{1835626D-5B30-424F-8C75-22407E1CD602}.DLL VB|Win32.ActiveCfg = Release|Win32
		{1835626D-5B30-424F-8C75-22407E1CD602}.DLL VB|Win32.Build.0 = Debug|Win32
		{1835626D-5B30-424F-8C75-22407E1CD602}.DllRelease|Win32.ActiveCfg = Release|Win32
		{1835626D-5B30-424F-8C75-22407E1CD602}.DllRelease|Win32.Build.0 = DllRelease|Win32
		{1835626D-5B30-424F-8C75-22407E1CD602}.LIB ASM Debug|Win32.ActiveCfg = Release|Win32
		{1835626D-5B30-424F-8C75-22407E1CD602}.LIB ASM Debug|Win32.Build.0 = Debug|Win32
		{1835626D-5B30-424F-8C75-22407E1CD602}.LIB ASM Release|Win32.ActiveCfg = Release|Win32
		{1835626D-5B30-424F-8C75-22407E1CD602}.LIB ASM Release|Win32.Build.0 = Release|Win32
		{1835626D-5B30-424F-8C75-22407E1CD602}.LIB Debug|Win32.ActiveCfg = Release|Win32
		{1835626D-5B30-424F-8C75-22407E1CD602}.LIB Debug|Win32.Build.0 = Debug|Win32
		{1835626D-5B30-424F-8C75-22407E1CD602}.LIB Release|Win32.ActiveCfg = Release|Win32
		{1835626D-5B30-424F-8C75-22407E1CD602}.LIB Release|Win32.Build.0 = Release|Win32
		{1835626D-5B30-424F-8C75-22407E1CD602}.Release|Win32.ActiveCfg = Release|Win32
		{1835626D-5B30-424F-8C75-22407E1CD602}.Release|Win32.Build.0 = Release|Win32
		{F718B6FC-0251-4D45-9879-B40E6B55A0C4}.Debug|Win32.ActiveCfg = Release|Win32
		{F718B6FC-0251-4D45-9879-B40E6B55A0C4}.Debug|Win32.Build.0 = Debug|Win32
		{F718B6FC-0251-4D45-9879-B40E6B55A0C4}.DLL ASM Debug|Win32.ActiveCfg = Release|Win32
		{F718B6FC-0251-4D45-9879-B40E6B55A0C4}.DLL ASM Release|Win32.ActiveCfg = Release|Win32
		{F718B6FC-0251-4D45-9879-B40E6B55A0C4}.DLL ASM Release|Win32.Build.0 = DllRelease|Win32
		{F718B6FC-0251-4D45-9879-B40E6B55A0C4}.DLL Debug|Win32.ActiveCfg = Release|Win32
		{F718B6FC-0251-4D45-9879-B40E6B55A0C4}.DLL Release|Win32.ActiveCfg = Release|Win32
		{F718B6FC-0251-4D45-9879-B40E6B55A0C4}.DLL Release|Win32.Build.0 = Release|Win32
		{F718B6FC-0251-4D45-9879-B40E6B55A0C4}.DLL VB|Win32.ActiveCfg = Release|Win32
		{F718B6FC-0251-4D45-9879-B40E6B55A0C4}.DLL VB|Win32.Build.0 = Debug|Win32
		{F718B6FC-0251-4D45-9879-B40E6B55A0C4}.DllRelease|Win32.ActiveCfg = Release|Win32
		{F718B6FC-0251-4D45-9879-B40E6B55A0C4}.DllRelease|Win32.Build.0 = DllRelease|Win32
		{F718B6FC-0251-4D45-9879-B40E6B55A0C4}.LIB ASM Debug|Win32.ActiveCfg = Release|Win32
		{F718B6FC-0251-4D45-9879-B40E6B55A0C4}.LIB ASM Debug|Win32.Build.0 = Debug|Win32
		{F718B6FC-0251-4D45-9879-B40E6B55A0C4}.LIB ASM Release|Win32.ActiveCfg = Release|Win32
		{F718B6FC-0251-4D45-9879-B40E6B55A0C4}.LIB ASM Release|Win32.Build.0 = Release|Win32
		{F718B6FC-0251-4D45-9879-B40E6B55A0C4}.LIB Debug|Win32.ActiveCfg = Release|Win32
		{F718B6FC-0251-4D45-9879-B40E6B55A0C4}.LIB Debug|Win32.Build.0 = Debug|Win32
		{F718B6FC-0251-4D45-9879-B40E6B55A0C4}.LIB Release|Win32.ActiveCfg = Release|Win32
		{F718B6FC-0251-4D45-9879-B40E6B55A0C4}.LIB Release|Win32.Build.0 = Release|Win32
		{F718B6FC-0251-4D45-9879-B40E6B55A0C4}.Release|Win32.ActiveCfg = Release|Win32
		{F718B6FC-0251-4D45-9879-B40E6B55A0C4}.Release|Win32.Build.0 = Release|Win32
		{2C6E231A-E39B-4EA1-815F-CF1C26AA8FB0}.Debug|Win32.ActiveCfg = LIB Release|Win32
		{2C6E231A-E39B-4EA1-815F-CF1C26AA8FB0}.Debug|Win32.Build.0 = LIB Release|Win32
		{2C6E231A-E39B-4EA1-815F-CF1C26AA8FB0}.DLL ASM Debug|Win32.ActiveCfg = LIB Release|Win32
		{2C6E231A-E39B-4EA1-815F-CF1C26AA8FB0}.DLL ASM Debug|Win32.Build.0 = LIB Release|Win32
		{2C6E231A-E39B-4EA1-815F-CF1C26AA8FB0}.DLL ASM Release|Win32.ActiveCfg = LIB Release|Win32
		{2C6E231A-E39B-4EA1-815F-CF1C26AA8FB0}.DLL ASM Release|Win32.Build.0 = LIB Release|Win32
		{2C6E231A-E39B-4EA1-815F-CF1C26AA8FB0}.DLL Debug|Win32.ActiveCfg = LIB Release|Win32
		{2C6E231A-E39B-4EA1-815F-CF1C26AA8FB0}.DLL Debug|Win32.Build.0 = LIB Release|Win32
		{2C6E231A-E39B-4EA1-815F-CF1C26AA8FB0}.DLL Release|Win32.ActiveCfg = LIB Release|Win32
		{2C6E231A-E39B-4EA1-815F-CF1C26AA8FB0}.DLL Release|Win32.Build.0 = LIB Release|Win32
		{2C6E231A-E39B-4EA1-815F-CF1C26AA8FB0}.DLL VB|Win32.ActiveCfg = LIB Release|Win32
		{2C6E231A-E39B-4EA1-815F-CF1C26AA8FB0}.DLL VB|Win32.Build.0 = LIB Release|Win32
		{2C6E231A-E39B-4EA1-815F-CF1C26AA8FB0}.DllRelease|Win32.ActiveCfg = LIB Release|Win32
		{2C6E231A-E39B-4EA1-815F-CF1C26AA8FB0}.DllRelease|Win32.Build.0 = LIB Release|Win32
		{2C6E231A-E39B-4EA1-815F-CF1C26AA8FB0}.LIB ASM Debug|Win32.ActiveCfg = LIB Release|Win32
		{2C6E231A-E39B-4EA1-815F-CF1C26AA8FB0}.LIB ASM Debug|Win32.Build.0 = LIB Release|Win32
		{2C6E231A-E39B-4EA1-815F-CF1C26AA8FB0}.LIB ASM Release|Win32.ActiveCfg = LIB Release|Win32
		{2C6E231A-E39B-4EA1-815F-CF1C26AA8FB0}.LIB ASM Release|Win32.Build.0 = LIB Release|Win32
		{2C6E231A-E39B-4EA1-815F-CF1C26AA8FB0}.LIB Debug|Win32.ActiveCfg = LIB Release|Win32
		{2C6E231A-E39B-4EA1-815F-CF1C26AA8FB0}.LIB Debug|Win32.Build.0 = LIB Release|Win32
		{2C6E231A-E39B-4EA1-815F-CF1C26AA8FB0}.LIB Release|Win32.ActiveCfg = LIB Release|Win32
		{2C6E231A-E39B-4EA1-815F-CF1C26AA8FB0}.LIB Release|Win32.Build.0 = LIB Release|Win32
		{2C6E231A-E39B-4EA1-815F-CF1C26AA8FB0}.Release|Win32.ActiveCfg = LIB Release|Win32
		{2C6E231A-E39B-4EA1-815F-CF1C26AA8FB0}.Release|Win32.Build.0 = LIB Release|Win32
		{7FF7232A-8157-42E4-8845-3B895B930AFD}.Debug|Win32.ActiveCfg = LIB ASM Release|Win32
		{7FF7232A-8157-42E4-8845-3B895B930AFD}.Debug|Win32.Build.0 = LIB ASM Release|Win32
		{7FF7232A-8157-42E4-8845-3B895B930AFD}.DLL ASM Debug|Win32.ActiveCfg = LIB ASM Release|Win32
		{7FF7232A-8157-42E4-8845-3B895B930AFD}.DLL ASM Debug|Win32.Build.0 = LIB ASM Release|Win32
		{7FF7232A-8157-42E4-8845-3B895B930AFD}.DLL ASM Release|Win32.ActiveCfg = LIB ASM Release|Win32
		{7FF7232A-8157-42E4-8845-3B895B930AFD}.DLL ASM Release|Win32.Build.0 = LIB ASM Release|Win32
		{7FF7232A-8157-42E4-8845-3B895B930AFD}.DLL Debug|Win32.ActiveCfg = LIB ASM Release|Win32
		{7FF7232A-8157-42E4-8845-3B895B930AFD}.DLL Debug|Win32.Build.0 = LIB ASM Release|Win32
		{7FF7232A-8157-42E4-8845-3B895B930AFD}.DLL Release|Win32.ActiveCfg = LIB ASM Release|Win32
		{7FF7232A-8157-42E4-8845-3B895B930AFD}.DLL Release|Win32.Build.0 = LIB ASM Release|Win32
		{7FF7232A-8157-42E4-8845-3B895B930AFD}.DLL VB|Win32.ActiveCfg = LIB ASM Release|Win32
		{7FF7232A-8157-42E4-8845-3B895B930AFD}.DLL VB|Win32.Build.0 = LIB ASM Release|Win32
		{7FF7232A-8157-42E4-8845-3B895B930AFD}.DllRelease|Win32.ActiveCfg = LIB ASM Release|Win32
		{7FF7232A-8157-42E4-8845-3B895B930AFD}.DllRelease|Win32.Build.0 = LIB ASM Release|Win32
		{7FF7232A-8157-42E4-8845-3B895B930AFD}.LIB ASM Debug|Win32.ActiveCfg = LIB ASM Release|Win32
		{7FF7232A-8157-42E4-8845-3B895B930AFD}.LIB ASM Debug|Win32.Build.0 = LIB ASM Release|Win32
		{7FF7232A-8157-42E4-8845-3B895B930AFD}.LIB ASM Release|Win32.ActiveCfg = LIB ASM Release|Win32
		{7FF7232A-8157-42E4-8845-3B895B930AFD}.LIB ASM Release|Win32.Build.0 = LIB ASM Release|Win32
		{7FF7232A-8157-42E4-8845-3B895B930AFD}.LIB Debug|Win32.ActiveCfg = LIB ASM Release|Win32
		{7FF7232A-8157-42E4-8845-3B895B930AFD}.LIB Debug|Win32.Build.0 = LIB ASM Release|Win32
		{7FF7232A-8157-42E4-8845-3B895B930AFD}.LIB Release|Win32.ActiveCfg = LIB ASM Release|Win32
		{7FF7232A-8157-42E4-8845-3B895B930AFD}.LIB Release|Win32.Build.0 = LIB ASM Release|Win32
		{7FF7232A-8157-42E4-8845-3B895B930AFD}.Release|Win32.ActiveCfg = LIB ASM Release|Win32
		{7FF7232A-8157-42E4-8845-3B895B930AFD}.Release|Win32.Build.0 = LIB ASM Release|Win32
		{AA0AA077-AE1E-4327-A54D-5381A01AEB97}.Debug|Win32.ActiveCfg = Release|Win32
		{AA0AA077-AE1E-4327-A54D-5381A01AEB97}.Debug|Win32.Build.0 = Release|Win32
		{AA0AA077-AE1E-4327-A54D-5381A01AEB97}.DLL ASM Debug|Win32.ActiveCfg = Release|Win32
		{AA0AA077-AE1E-4327-A54D-5381A01AEB97}.DLL ASM Debug|Win32.Build.0 = Release|Win32
		{AA0AA077-AE1E-4327-A54D-5381A01AEB97}.DLL ASM Release|Win32.ActiveCfg = Release|Win32
		{AA0AA077-AE1E-4327-A54D-5381A01AEB97}.DLL ASM Release|Win32.Build.0 = Release|Win32
		{AA0AA077-AE1E-4327-A54D-5381A01AEB97}.DLL Debug|Win32.ActiveCfg = Release|Win32
		{AA0AA077-AE1E-4327-A54D-5381A01AEB97}.DLL Debug|Win32.Build.0 = Release|Win32
		{AA0AA077-AE1E-4327-A54D-5381A01AEB97}.DLL Release|Win32.ActiveCfg = Release|Win32
		{AA0AA077-AE1E-4327-A54D-5381A01AEB97}.DLL Release|Win32.Build.0 = Release|Win32
		{AA0AA077-AE1E-4327-A54D-5381A01AEB97}.DLL VB|Win32.ActiveCfg = Release|Win32
		{AA0AA077-AE1E-4327-A54D-5381A01AEB97}.DLL VB|Win32.Build.0 = Release|Win32
		{AA0AA077-AE1E-4327-A54D-5381A01AEB97}.DllRelease|Win32.ActiveCfg = Release|Win32
		{AA0AA077-AE1E-4327-A54D-5381A01AEB97}.DllRelease|Win32.Build.0 = Release|Win32
		{AA0AA077-AE1E-4327-A54D-5381A01AEB97}.LIB ASM Debug|Win32.ActiveCfg = Release|Win32
		{AA0AA077-AE1E-4327-A54D-5381A01AEB97}.LIB ASM Debug|Win32.Build.0 = Release|Win32
		{AA0AA077-AE1E-4327-A54D-5381A01AEB97}.LIB ASM Release|Win32.ActiveCfg = Release|Win32
		{AA0AA077-AE1E-4327-A54D-5381A01AEB97}.LIB ASM Release|Win32.Build.0 = Release|Win32
		{AA0AA077-AE1E-4327-A54D-5381A01AEB97}.LIB Debug|Win32.ActiveCfg = Release|Win32
		{AA0AA077-AE1E-4327-A54D-5381A01AEB97}.LIB Debug|Win32.Build.0 = Release|Win32
		{AA0AA077-AE1E-4327-A54D-5381A01AEB97}.LIB Release|Win32.ActiveCfg = Release|Win32
		{AA0AA077-AE1E-4327-A54D-5381A01AEB97}.LIB Release|Win32.Build.0 = Release|Win32
		{AA0AA077-AE1E-4327-A54D-5381A01AEB97}.Release|Win32.ActiveCfg = Release|Win32
		{AA0AA077-AE1E-4327-A54D-5381A01AEB97}.Release|Win32.Build.0 = Release|Win32
		{48DB09AD-9285-49EA-8000-C5254871F91C}.Debug|Win32.ActiveCfg = Release|Win32
		{48DB09AD-9285-49EA-8000-C5254871F91C}.Debug|Win32.Build.0 = Release|Win32
		{48DB09AD-9285-49EA-8000-C5254871F91C}.DLL ASM Debug|Win32.ActiveCfg = Release|Win32
		{48DB09AD-9285-49EA-8000-C5254871F91C}.DLL ASM Debug|Win32.Build.0 = Release|Win32
		{48DB09AD-9285-49EA-8000-C5254871F91C}.DLL ASM Release|Win32.ActiveCfg = Release|Win32
		{48DB09AD-9285-49EA-8000-C5254871F91C}.DLL ASM Release|Win32.Build.0 = Release|Win32
		{48DB09AD-9285-49EA-8000-C5254871F91C}.DLL Debug|Win32.ActiveCfg = Release|Win32
		{48DB09AD-9285-49EA-8000-C5254871F91C}.DLL Debug|Win32.Build.0 = Release|Win32
		{48DB09AD-9285-49EA-8000-C5254871F91C}.DLL Release|Win32.ActiveCfg = Release|Win32
		{48DB09AD-9285-49EA-8000-C5254871F91C}.DLL Release|Win32.Build.0 = Release|Win32
		{48DB09AD-9285-49EA-8000-C5254871F91C}.DLL VB|Win32.ActiveCfg = Release|Win32
		{48DB09AD-9285-49EA-8000-C5254871F91C}.DLL VB|Win32.Build.0 = Release|Win32
		{48DB09AD-9285-49EA-8000-C5254871F91C}.DllRelease|Win32.ActiveCfg = Release|Win32
		{48DB09AD-9285-49EA-8000-C5254871F91C}.DllRelease|Win32.Build.0 = Release|Win32
		{48DB09AD-9285-49EA-8000-C5254871F91C}.LIB ASM Debug|Win32.ActiveCfg = Release|Win32
		{48DB09AD-9285-49EA-8000-C5254871F91C}.LIB ASM Debug|Win32.Build.0 = Release|Win32
		{48DB09AD-9285-49EA-8000-C5254871F91C}.LIB ASM Release|Win32.ActiveCfg = Release|Win32
		{48DB09AD-9285-49EA-8000-C5254871F91C}.LIB ASM Release|Win32.Build.0 = Release|Win32
		{48DB09AD-9285-49EA-8000-C5254871F91C}.LIB Debug|Win32.ActiveCfg = Release|Win32
		{48DB09AD-9285-49EA-8000-C5254871F91C}.LIB Debug|Win32.Build.0 = Release|Win32
		{48DB09AD-9285-49EA-8000-C5254871F91C}.LIB Release|Win32.ActiveCfg = Release|Win32
		{48DB09AD-9285-49EA-8000-C5254871F91C}.LIB Release|Win32.Build.0 = Release|Win32
		{48DB09AD-9285-49EA-8000-C5254871F91C}.Release|Win32.ActiveCfg = Release|Win32
		{48DB09AD-9285-49EA-8000-C5254871F91C}.Release|Win32.Build.0 = Release|Win32
		{88B5AE0B-EA79-49B3-A0BF-0B0E2A4ED295}.Debug|Win32.ActiveCfg = Release|Win32
		{88B5AE0B-EA79-49B3-A0BF-0B0E2A4ED295}.DLL ASM Debug|Win32.ActiveCfg = Release|Win32
		{88B5AE0B-EA79-49B3-A0BF-0B0E2A4ED295}.DLL ASM Release|Win32.ActiveCfg = Release|Win32
		{88B5AE0B-EA79-49B3-A0BF-0B0E2A4ED295}.DLL Debug|Win32.ActiveCfg = Release|Win32
		{88B5AE0B-EA79-49B3-A0BF-0B0E2A4ED295}.DLL Release|Win32.ActiveCfg = Release|Win32
		{88B5AE0B-EA79-49B3-A0BF-0B0E2A4ED295}.DLL VB|Win32.ActiveCfg = Release|Win32
		{88B5AE0B-EA79-49B3-A0BF-0B0E2A4ED295}.DllRelease|Win32.ActiveCfg = Release|Win32
		{88B5AE0B-EA79-49B3-A0BF-0B0E2A4ED295}.LIB ASM Debug|Win32.ActiveCfg = Release|Win32
		{88B5AE0B-EA79-49B3-A0BF-0B0E2A4ED295}.LIB ASM Release|Win32.ActiveCfg = Release|Win32
		{88B5AE0B-EA79-49B3-A0BF-0B0E2A4ED295}.LIB Debug|Win32.ActiveCfg = Release|Win32
		{88B5AE0B-EA79-49B3-A0BF-0B0E2A4ED295}.LIB Release|Win32.ActiveCfg = Release|Win32
		{88B5AE0B-EA79-49B3-A0BF-0B0E2A4ED295}.Release|Win32.ActiveCfg = Release|Win32
		{1C6B38DA-15AC-4567-973E-328BA8929EF6}.Debug|Win32.ActiveCfg = Release|Win32
		{1C6B38DA-15AC-4567-973E-328BA8929EF6}.DLL ASM Debug|Win32.ActiveCfg = Release|Win32
		{1C6B38DA-15AC-4567-973E-328BA8929EF6}.DLL ASM Release|Win32.ActiveCfg = Release|Win32
		{1C6B38DA-15AC-4567-973E-328BA8929EF6}.DLL Debug|Win32.ActiveCfg = Release|Win32
		{1C6B38DA-15AC-4567-973E-328BA8929EF6}.DLL Release|Win32.ActiveCfg = Release|Win32
		{1C6B38DA-15AC-4567-973E-328BA8929EF6}.DLL VB|Win32.ActiveCfg = Release|Win32
		{1C6B38DA-15AC-4567-973E-328BA8929EF6}.DllRelease|Win32.ActiveCfg = Release|Win32
		{1C6B38DA-15AC-4567-973E-328BA8929EF6}.LIB ASM Debug|Win32.ActiveCfg = Release|Win32
		{1C6B38DA-15AC-4567-973E-328BA8929EF6}.LIB ASM Release|Win32.ActiveCfg = Release|Win32
		{1C6B38DA-15AC-4567-973E-328BA8929EF6}.LIB Debug|Win32.ActiveCfg = Release|Win32
		{1C6B38DA-15AC-4567-973E-328BA8929EF6}.LIB Release|Win32.ActiveCfg = Release|Win32
		{1C6B38DA-15AC-4567-973E-328BA8929EF6}.Release|Win32.ActiveCfg = Release|Win32
		{46E9776A-96F3-4CB7-8CE2-911B30275725}.Debug|Win32.ActiveCfg = Release|Win32
		{46E9776A-96F3-4CB7-8CE2-911B30275725}.DLL ASM Debug|Win32.ActiveCfg = Release|Win32
		{46E9776A-96F3-4CB7-8CE2-911B30275725}.DLL ASM Release|Win32.ActiveCfg = Release|Win32
		{46E9776A-96F3-4CB7-8CE2-911B30275725}.DLL Debug|Win32.ActiveCfg = Release|Win32
		{46E9776A-96F3-4CB7-8CE2-911B30275725}.DLL Release|Win32.ActiveCfg = Release|Win32
		{46E9776A-96F3-4CB7-8CE2-911B30275725}.DLL VB|Win32.ActiveCfg = Release|Win32
		{46E9776A-96F3-4CB7-8CE2-911B30275725}.DllRelease|Win32.ActiveCfg = Release|Win32
		{46E9776A-96F3-4CB7-8CE2-911B30275725}.LIB ASM Debug|Win32.ActiveCfg = Release|Win32
		{46E9776A-96F3-4CB7-8CE2-911B30275725}.LIB ASM Release|Win32.ActiveCfg = Release|Win32
		{46E9776A-96F3-4CB7-8CE2-911B30275725}.LIB Debug|Win32.ActiveCfg = Release|Win32
		{46E9776A-96F3-4CB7-8CE2-911B30275725}.LIB Release|Win32.ActiveCfg = Release|Win32
		{46E9776A-96F3-4CB7-8CE2-911B30275725}.Release|Win32.ActiveCfg = Release|Win32
		{D8AC6EF9-27B6-4AB9-BE18-69F613791390}.Debug|Win32.ActiveCfg = Release|Win32
		{D8AC6EF9-27B6-4AB9-BE18-69F613791390}.DLL ASM Debug|Win32.ActiveCfg = Release|Win32
		{D8AC6EF9-27B6-4AB9-BE18-69F613791390}.DLL ASM Release|Win32.ActiveCfg = Release|Win32
		{D8AC6EF9-27B6-4AB9-BE18-69F613791390}.DLL Debug|Win32.ActiveCfg = Release|Win32
		{D8AC6EF9-27B6-4AB9-BE18-69F613791390}.DLL Release|Win32.ActiveCfg = Release|Win32
		{D8AC6EF9-27B6-4AB9-BE18-69F613791390}.DLL VB|Win32.ActiveCfg = Release|Win32
		{D8AC6EF9-27B6-4AB9-BE18-69F613791390}.DllRelease|Win32.ActiveCfg = Release|Win32
		{D8AC6EF9-27B6-4AB9-BE18-69F613791390}.LIB ASM Debug|Win32.ActiveCfg = Release|Win32
		{D8AC6EF9-27B6-4AB9-BE18-69F613791390}.LIB ASM Release|Win32.ActiveCfg = Release|Win32
		{D8AC6EF9-27B6-4AB9-BE18-69F613791390}.LIB Debug|Win32.ActiveCfg = Release|Win32
		{D8AC6EF9-27B6-4AB9-BE18-69F613791390}.LIB Release|Win32.ActiveCfg = Release|Win32
		{D8AC6EF9-27B6-4AB9-BE18-69F613791390}.Release|Win32.ActiveCfg = Release|Win32
	EndGlobalSection
	GlobalSection(SolutionProperties) = preSolution
		HideSolutionNode = FALSE
	EndGlobalSection
EndGlobal
