
Microsoft Visual Studio Solution File, Format Version 9.00
# Visual Studio 2005
Project("{8BC9CEB8-8B4A-11D0-8D11-00A0C91BC942}") = "libexpat", "libexpat.vcproj", "{36274727-4E79-40BC-A9E4-DF36D9737D4C}"
EndProject
Project("{8BC9CEB8-8B4A-11D0-8D11-00A0C91BC942}") = "libjpeg", "libjpeg.vcproj", "{2EDFD0F3-D51E-40EF-A3F8-9BEBD5908E10}"
EndProject
Project("{8BC9CEB8-8B4A-11D0-8D11-00A0C91BC942}") = "libpng", "libpng.vcproj", "{544405B5-ED6C-4FD9-B8DC-05E91A47B64D}"
EndProject
Project("{8BC9CEB8-8B4A-11D0-8D11-00A0C91BC942}") = "zlib", "zlib.vcproj", "{434E89A8-1E99-436F-8E00-054F1C2E5655}"
EndProject
Project("{8BC9CEB8-8B4A-11D0-8D11-00A0C91BC942}") = "mp3lib", "mp3lib.vcproj", "{10E7CDF4-7F3F-4CA2-AB45-8A6A318E6047}"
EndProject
Project("{8BC9CEB8-8B4A-11D0-8D11-00A0C91BC942}") = "copy_tpp_wince5", "copy_tpp_wince5.vcproj", "{D8D91F22-CE2C-46FD-822D-8B1E80CB5F41}"
EndProject
Global
	GlobalSection(SolutionConfigurationPlatforms) = preSolution
		Debug|Mixed Platforms = Debug|Mixed Platforms
		Debug|Win32 = Debug|Win32
		Debug|Windows Mobile 5.0 Pocket PC SDK (ARMV4I) = Debug|Windows Mobile 5.0 Pocket PC SDK (ARMV4I)
		Release|Mixed Platforms = Release|Mixed Platforms
		Release|Win32 = Release|Win32
		Release|Windows Mobile 5.0 Pocket PC SDK (ARMV4I) = Release|Windows Mobile 5.0 Pocket PC SDK (ARMV4I)
	EndGlobalSection
	GlobalSection(ProjectConfigurationPlatforms) = postSolution
		{36274727-4E79-40BC-A9E4-DF36D9737D4C}.Debug|Mixed Platforms.ActiveCfg = Debug|Windows Mobile 5.0 Pocket PC SDK (ARMV4I)
		{36274727-4E79-40BC-A9E4-DF36D9737D4C}.Debug|Mixed Platforms.Build.0 = Debug|Windows Mobile 5.0 Pocket PC SDK (ARMV4I)
		{36274727-4E79-40BC-A9E4-DF36D9737D4C}.Debug|Mixed Platforms.Deploy.0 = Debug|Windows Mobile 5.0 Pocket PC SDK (ARMV4I)
		{36274727-4E79-40BC-A9E4-DF36D9737D4C}.Debug|Win32.ActiveCfg = Debug|Windows Mobile 5.0 Pocket PC SDK (ARMV4I)
		{36274727-4E79-40BC-A9E4-DF36D9737D4C}.Debug|Windows Mobile 5.0 Pocket PC SDK (ARMV4I).ActiveCfg = Debug|Windows Mobile 5.0 Pocket PC SDK (ARMV4I)
		{36274727-4E79-40BC-A9E4-DF36D9737D4C}.Debug|Windows Mobile 5.0 Pocket PC SDK (ARMV4I).Build.0 = Debug|Windows Mobile 5.0 Pocket PC SDK (ARMV4I)
		{36274727-4E79-40BC-A9E4-DF36D9737D4C}.Release|Mixed Platforms.ActiveCfg = Release|Windows Mobile 5.0 Pocket PC SDK (ARMV4I)
		{36274727-4E79-40BC-A9E4-DF36D9737D4C}.Release|Mixed Platforms.Build.0 = Release|Windows Mobile 5.0 Pocket PC SDK (ARMV4I)
		{36274727-4E79-40BC-A9E4-DF36D9737D4C}.Release|Mixed Platforms.Deploy.0 = Release|Windows Mobile 5.0 Pocket PC SDK (ARMV4I)
		{36274727-4E79-40BC-A9E4-DF36D9737D4C}.Release|Win32.ActiveCfg = Release|Windows Mobile 5.0 Pocket PC SDK (ARMV4I)
		{36274727-4E79-40BC-A9E4-DF36D9737D4C}.Release|Windows Mobile 5.0 Pocket PC SDK (ARMV4I).ActiveCfg = Release|Windows Mobile 5.0 Pocket PC SDK (ARMV4I)
		{36274727-4E79-40BC-A9E4-DF36D9737D4C}.Release|Windows Mobile 5.0 Pocket PC SDK (ARMV4I).Build.0 = Release|Windows Mobile 5.0 Pocket PC SDK (ARMV4I)
		{2EDFD0F3-D51E-40EF-A3F8-9BEBD5908E10}.Debug|Mixed Platforms.ActiveCfg = Debug|Windows Mobile 5.0 Pocket PC SDK (ARMV4I)
		{2EDFD0F3-D51E-40EF-A3F8-9BEBD5908E10}.Debug|Mixed Platforms.Build.0 = Debug|Windows Mobile 5.0 Pocket PC SDK (ARMV4I)
		{2EDFD0F3-D51E-40EF-A3F8-9BEBD5908E10}.Debug|Mixed Platforms.Deploy.0 = Debug|Windows Mobile 5.0 Pocket PC SDK (ARMV4I)
		{2EDFD0F3-D51E-40EF-A3F8-9BEBD5908E10}.Debug|Win32.ActiveCfg = Debug|Windows Mobile 5.0 Pocket PC SDK (ARMV4I)
		{2EDFD0F3-D51E-40EF-A3F8-9BEBD5908E10}.Debug|Windows Mobile 5.0 Pocket PC SDK (ARMV4I).ActiveCfg = Debug|Windows Mobile 5.0 Pocket PC SDK (ARMV4I)
		{2EDFD0F3-D51E-40EF-A3F8-9BEBD5908E10}.Debug|Windows Mobile 5.0 Pocket PC SDK (ARMV4I).Build.0 = Debug|Windows Mobile 5.0 Pocket PC SDK (ARMV4I)
		{2EDFD0F3-D51E-40EF-A3F8-9BEBD5908E10}.Release|Mixed Platforms.ActiveCfg = Release|Windows Mobile 5.0 Pocket PC SDK (ARMV4I)
		{2EDFD0F3-D51E-40EF-A3F8-9BEBD5908E10}.Release|Mixed Platforms.Build.0 = Release|Windows Mobile 5.0 Pocket PC SDK (ARMV4I)
		{2EDFD0F3-D51E-40EF-A3F8-9BEBD5908E10}.Release|Mixed Platforms.Deploy.0 = Release|Windows Mobile 5.0 Pocket PC SDK (ARMV4I)
		{2EDFD0F3-D51E-40EF-A3F8-9BEBD5908E10}.Release|Win32.ActiveCfg = Release|Windows Mobile 5.0 Pocket PC SDK (ARMV4I)
		{2EDFD0F3-D51E-40EF-A3F8-9BEBD5908E10}.Release|Windows Mobile 5.0 Pocket PC SDK (ARMV4I).ActiveCfg = Release|Windows Mobile 5.0 Pocket PC SDK (ARMV4I)
		{2EDFD0F3-D51E-40EF-A3F8-9BEBD5908E10}.Release|Windows Mobile 5.0 Pocket PC SDK (ARMV4I).Build.0 = Release|Windows Mobile 5.0 Pocket PC SDK (ARMV4I)
		{544405B5-ED6C-4FD9-B8DC-05E91A47B64D}.Debug|Mixed Platforms.ActiveCfg = Debug|Windows Mobile 5.0 Pocket PC SDK (ARMV4I)
		{544405B5-ED6C-4FD9-B8DC-05E91A47B64D}.Debug|Mixed Platforms.Build.0 = Debug|Windows Mobile 5.0 Pocket PC SDK (ARMV4I)
		{544405B5-ED6C-4FD9-B8DC-05E91A47B64D}.Debug|Mixed Platforms.Deploy.0 = Debug|Windows Mobile 5.0 Pocket PC SDK (ARMV4I)
		{544405B5-ED6C-4FD9-B8DC-05E91A47B64D}.Debug|Win32.ActiveCfg = Debug|Windows Mobile 5.0 Pocket PC SDK (ARMV4I)
		{544405B5-ED6C-4FD9-B8DC-05E91A47B64D}.Debug|Windows Mobile 5.0 Pocket PC SDK (ARMV4I).ActiveCfg = Debug|Windows Mobile 5.0 Pocket PC SDK (ARMV4I)
		{544405B5-ED6C-4FD9-B8DC-05E91A47B64D}.Debug|Windows Mobile 5.0 Pocket PC SDK (ARMV4I).Build.0 = Debug|Windows Mobile 5.0 Pocket PC SDK (ARMV4I)
		{544405B5-ED6C-4FD9-B8DC-05E91A47B64D}.Release|Mixed Platforms.ActiveCfg = Release|Windows Mobile 5.0 Pocket PC SDK (ARMV4I)
		{544405B5-ED6C-4FD9-B8DC-05E91A47B64D}.Release|Mixed Platforms.Build.0 = Release|Windows Mobile 5.0 Pocket PC SDK (ARMV4I)
		{544405B5-ED6C-4FD9-B8DC-05E91A47B64D}.Release|Mixed Platforms.Deploy.0 = Release|Windows Mobile 5.0 Pocket PC SDK (ARMV4I)
		{544405B5-ED6C-4FD9-B8DC-05E91A47B64D}.Release|Win32.ActiveCfg = Release|Windows Mobile 5.0 Pocket PC SDK (ARMV4I)
		{544405B5-ED6C-4FD9-B8DC-05E91A47B64D}.Release|Windows Mobile 5.0 Pocket PC SDK (ARMV4I).ActiveCfg = Release|Windows Mobile 5.0 Pocket PC SDK (ARMV4I)
		{544405B5-ED6C-4FD9-B8DC-05E91A47B64D}.Release|Windows Mobile 5.0 Pocket PC SDK (ARMV4I).Build.0 = Release|Windows Mobile 5.0 Pocket PC SDK (ARMV4I)
		{434E89A8-1E99-436F-8E00-054F1C2E5655}.Debug|Mixed Platforms.ActiveCfg = Debug|Windows Mobile 5.0 Pocket PC SDK (ARMV4I)
		{434E89A8-1E99-436F-8E00-054F1C2E5655}.Debug|Mixed Platforms.Build.0 = Debug|Windows Mobile 5.0 Pocket PC SDK (ARMV4I)
		{434E89A8-1E99-436F-8E00-054F1C2E5655}.Debug|Mixed Platforms.Deploy.0 = Debug|Windows Mobile 5.0 Pocket PC SDK (ARMV4I)
		{434E89A8-1E99-436F-8E00-054F1C2E5655}.Debug|Win32.ActiveCfg = Debug|Windows Mobile 5.0 Pocket PC SDK (ARMV4I)
		{434E89A8-1E99-436F-8E00-054F1C2E5655}.Debug|Windows Mobile 5.0 Pocket PC SDK (ARMV4I).ActiveCfg = Debug|Windows Mobile 5.0 Pocket PC SDK (ARMV4I)
		{434E89A8-1E99-436F-8E00-054F1C2E5655}.Debug|Windows Mobile 5.0 Pocket PC SDK (ARMV4I).Build.0 = Debug|Windows Mobile 5.0 Pocket PC SDK (ARMV4I)
		{434E89A8-1E99-436F-8E00-054F1C2E5655}.Release|Mixed Platforms.ActiveCfg = Release|Windows Mobile 5.0 Pocket PC SDK (ARMV4I)
		{434E89A8-1E99-436F-8E00-054F1C2E5655}.Release|Mixed Platforms.Build.0 = Release|Windows Mobile 5.0 Pocket PC SDK (ARMV4I)
		{434E89A8-1E99-436F-8E00-054F1C2E5655}.Release|Mixed Platforms.Deploy.0 = Release|Windows Mobile 5.0 Pocket PC SDK (ARMV4I)
		{434E89A8-1E99-436F-8E00-054F1C2E5655}.Release|Win32.ActiveCfg = Release|Windows Mobile 5.0 Pocket PC SDK (ARMV4I)
		{434E89A8-1E99-436F-8E00-054F1C2E5655}.Release|Windows Mobile 5.0 Pocket PC SDK (ARMV4I).ActiveCfg = Release|Windows Mobile 5.0 Pocket PC SDK (ARMV4I)
		{434E89A8-1E99-436F-8E00-054F1C2E5655}.Release|Windows Mobile 5.0 Pocket PC SDK (ARMV4I).Build.0 = Release|Windows Mobile 5.0 Pocket PC SDK (ARMV4I)
		{10E7CDF4-7F3F-4CA2-AB45-8A6A318E6047}.Debug|Mixed Platforms.ActiveCfg = Debug|Windows Mobile 5.0 Pocket PC SDK (ARMV4I)
		{10E7CDF4-7F3F-4CA2-AB45-8A6A318E6047}.Debug|Mixed Platforms.Build.0 = Debug|Windows Mobile 5.0 Pocket PC SDK (ARMV4I)
		{10E7CDF4-7F3F-4CA2-AB45-8A6A318E6047}.Debug|Mixed Platforms.Deploy.0 = Debug|Windows Mobile 5.0 Pocket PC SDK (ARMV4I)
		{10E7CDF4-7F3F-4CA2-AB45-8A6A318E6047}.Debug|Win32.ActiveCfg = Debug|Windows Mobile 5.0 Pocket PC SDK (ARMV4I)
		{10E7CDF4-7F3F-4CA2-AB45-8A6A318E6047}.Debug|Windows Mobile 5.0 Pocket PC SDK (ARMV4I).ActiveCfg = Debug|Windows Mobile 5.0 Pocket PC SDK (ARMV4I)
		{10E7CDF4-7F3F-4CA2-AB45-8A6A318E6047}.Debug|Windows Mobile 5.0 Pocket PC SDK (ARMV4I).Build.0 = Debug|Windows Mobile 5.0 Pocket PC SDK (ARMV4I)
		{10E7CDF4-7F3F-4CA2-AB45-8A6A318E6047}.Release|Mixed Platforms.ActiveCfg = Release|Windows Mobile 5.0 Pocket PC SDK (ARMV4I)
		{10E7CDF4-7F3F-4CA2-AB45-8A6A318E6047}.Release|Mixed Platforms.Build.0 = Release|Windows Mobile 5.0 Pocket PC SDK (ARMV4I)
		{10E7CDF4-7F3F-4CA2-AB45-8A6A318E6047}.Release|Mixed Platforms.Deploy.0 = Release|Windows Mobile 5.0 Pocket PC SDK (ARMV4I)
		{10E7CDF4-7F3F-4CA2-AB45-8A6A318E6047}.Release|Win32.ActiveCfg = Release|Windows Mobile 5.0 Pocket PC SDK (ARMV4I)
		{10E7CDF4-7F3F-4CA2-AB45-8A6A318E6047}.Release|Windows Mobile 5.0 Pocket PC SDK (ARMV4I).ActiveCfg = Release|Windows Mobile 5.0 Pocket PC SDK (ARMV4I)
		{10E7CDF4-7F3F-4CA2-AB45-8A6A318E6047}.Release|Windows Mobile 5.0 Pocket PC SDK (ARMV4I).Build.0 = Release|Windows Mobile 5.0 Pocket PC SDK (ARMV4I)
		{D8D91F22-CE2C-46FD-822D-8B1E80CB5F41}.Debug|Mixed Platforms.ActiveCfg = Debug|Win32
		{D8D91F22-CE2C-46FD-822D-8B1E80CB5F41}.Debug|Mixed Platforms.Build.0 = Debug|Win32
		{D8D91F22-CE2C-46FD-822D-8B1E80CB5F41}.Debug|Win32.ActiveCfg = Debug|Win32
		{D8D91F22-CE2C-46FD-822D-8B1E80CB5F41}.Debug|Win32.Build.0 = Debug|Win32
		{D8D91F22-CE2C-46FD-822D-8B1E80CB5F41}.Debug|Windows Mobile 5.0 Pocket PC SDK (ARMV4I).ActiveCfg = Debug|Win32
		{D8D91F22-CE2C-46FD-822D-8B1E80CB5F41}.Release|Mixed Platforms.ActiveCfg = Release|Win32
		{D8D91F22-CE2C-46FD-822D-8B1E80CB5F41}.Release|Mixed Platforms.Build.0 = Release|Win32
		{D8D91F22-CE2C-46FD-822D-8B1E80CB5F41}.Release|Win32.ActiveCfg = Release|Win32
		{D8D91F22-CE2C-46FD-822D-8B1E80CB5F41}.Release|Win32.Build.0 = Release|Win32
		{D8D91F22-CE2C-46FD-822D-8B1E80CB5F41}.Release|Windows Mobile 5.0 Pocket PC SDK (ARMV4I).ActiveCfg = Release|Win32
	EndGlobalSection
	GlobalSection(SolutionProperties) = preSolution
		HideSolutionNode = FALSE
	EndGlobalSection
EndGlobal
